// !$*UTF8*$!
{
	archiveVersion = 1;
	classes = {
	};
	objectVersion = 46;
	objects = {

/* Begin PBXBuildFile section */
		DFEBE16A1A527E4C0052D879 /* main.m in Sources */ = {isa = PBXBuildFile; fileRef = DFEBE1691A527E4C0052D879 /* main.m */; };
		DFEBE16D1A527E4C0052D879 /* AppDelegate.m in Sources */ = {isa = PBXBuildFile; fileRef = DFEBE16C1A527E4C0052D879 /* AppDelegate.m */; };
		DFEBE1701A527E4C0052D879 /* ViewController.m in Sources */ = {isa = PBXBuildFile; fileRef = DFEBE16F1A527E4C0052D879 /* ViewController.m */; };
		DFEBE1731A527E4C0052D879 /* Main.storyboard in Resources */ = {isa = PBXBuildFile; fileRef = DFEBE1711A527E4C0052D879 /* Main.storyboard */; };
		DFEBE1751A527E4C0052D879 /* Images.xcassets in Resources */ = {isa = PBXBuildFile; fileRef = DFEBE1741A527E4C0052D879 /* Images.xcassets */; };
		DFEBE1781A527E4C0052D879 /* LaunchScreen.xib in Resources */ = {isa = PBXBuildFile; fileRef = DFEBE1761A527E4C0052D879 /* LaunchScreen.xib */; };
		DFEBE1841A527E4D0052D879 /* DyFrameworkOniOS7Tests.m in Sources */ = {isa = PBXBuildFile; fileRef = DFEBE1831A527E4D0052D879 /* DyFrameworkOniOS7Tests.m */; };
		DFEBE1F21A5287E20052D879 /* HelloKit.framework in Frameworks */ = {isa = PBXBuildFile; fileRef = DFEBE1ED1A5287C20052D879 /* HelloKit.framework */; settings = {ATTRIBUTES = (Weak, ); }; };
/* End PBXBuildFile section */

/* Begin PBXContainerItemProxy section */
		DFEBE17E1A527E4D0052D879 /* PBXContainerItemProxy */ = {
			isa = PBXContainerItemProxy;
			containerPortal = DFEBE15C1A527E4B0052D879 /* Project object */;
			proxyType = 1;
			remoteGlobalIDString = DFEBE1631A527E4C0052D879;
			remoteInfo = DyFrameworkOniOS7;
		};
		DFEBE1EC1A5287C20052D879 /* PBXContainerItemProxy */ = {
			isa = PBXContainerItemProxy;
			containerPortal = DFEBE1E71A5287C10052D879 /* HelloKit.xcodeproj */;
			proxyType = 2;
			remoteGlobalIDString = DFEBE1C01A52864D0052D879;
			remoteInfo = HelloKit;
		};
		DFEBE1EE1A5287C20052D879 /* PBXContainerItemProxy */ = {
			isa = PBXContainerItemProxy;
			containerPortal = DFEBE1E71A5287C10052D879 /* HelloKit.xcodeproj */;
			proxyType = 2;
			remoteGlobalIDString = DFEBE1CB1A52864D0052D879;
			remoteInfo = HelloKitTests;
		};
		DFEBE1F01A5287DD0052D879 /* PBXContainerItemProxy */ = {
			isa = PBXContainerItemProxy;
			containerPortal = DFEBE1E71A5287C10052D879 /* HelloKit.xcodeproj */;
			proxyType = 1;
			remoteGlobalIDString = DFEBE1BF1A52864D0052D879;
			remoteInfo = HelloKit;
		};
/* End PBXContainerItemProxy section */

/* Begin PBXCopyFilesBuildPhase section */
		DFEBE1AE1A52802F0052D879 /* Embed Frameworks */ = {
			isa = PBXCopyFilesBuildPhase;
			buildActionMask = 2147483647;
			dstPath = "";
			dstSubfolderSpec = 10;
			files = (
			);
			name = "Embed Frameworks";
			runOnlyForDeploymentPostprocessing = 0;
		};
/* End PBXCopyFilesBuildPhase section */

/* Begin PBXFileReference section */
		DFEBE1641A527E4C0052D879 /* DyFrameworkOniOS7.app */ = {isa = PBXFileReference; explicitFileType = wrapper.application; includeInIndex = 0; path = DyFrameworkOniOS7.app; sourceTree = BUILT_PRODUCTS_DIR; };
		DFEBE1681A527E4C0052D879 /* Info.plist */ = {isa = PBXFileReference; lastKnownFileType = text.plist.xml; path = Info.plist; sourceTree = "<group>"; };
		DFEBE1691A527E4C0052D879 /* main.m */ = {isa = PBXFileReference; lastKnownFileType = sourcecode.c.objc; path = main.m; sourceTree = "<group>"; };
		DFEBE16B1A527E4C0052D879 /* AppDelegate.h */ = {isa = PBXFileReference; lastKnownFileType = sourcecode.c.h; path = AppDelegate.h; sourceTree = "<group>"; };
		DFEBE16C1A527E4C0052D879 /* AppDelegate.m */ = {isa = PBXFileReference; lastKnownFileType = sourcecode.c.objc; path = AppDelegate.m; sourceTree = "<group>"; };
		DFEBE16E1A527E4C0052D879 /* ViewController.h */ = {isa = PBXFileReference; lastKnownFileType = sourcecode.c.h; path = ViewController.h; sourceTree = "<group>"; };
		DFEBE16F1A527E4C0052D879 /* ViewController.m */ = {isa = PBXFileReference; lastKnownFileType = sourcecode.c.objc; path = ViewController.m; sourceTree = "<group>"; };
		DFEBE1721A527E4C0052D879 /* Base */ = {isa = PBXFileReference; lastKnownFileType = file.storyboard; name = Base; path = Base.lproj/Main.storyboard; sourceTree = "<group>"; };
		DFEBE1741A527E4C0052D879 /* Images.xcassets */ = {isa = PBXFileReference; lastKnownFileType = folder.assetcatalog; path = Images.xcassets; sourceTree = "<group>"; };
		DFEBE1771A527E4C0052D879 /* Base */ = {isa = PBXFileReference; lastKnownFileType = file.xib; name = Base; path = Base.lproj/LaunchScreen.xib; sourceTree = "<group>"; };
		DFEBE17D1A527E4D0052D879 /* DyFrameworkOniOS7Tests.xctest */ = {isa = PBXFileReference; explicitFileType = wrapper.cfbundle; includeInIndex = 0; path = DyFrameworkOniOS7Tests.xctest; sourceTree = BUILT_PRODUCTS_DIR; };
		DFEBE1821A527E4D0052D879 /* Info.plist */ = {isa = PBXFileReference; lastKnownFileType = text.plist.xml; path = Info.plist; sourceTree = "<group>"; };
		DFEBE1831A527E4D0052D879 /* DyFrameworkOniOS7Tests.m */ = {isa = PBXFileReference; lastKnownFileType = sourcecode.c.objc; path = DyFrameworkOniOS7Tests.m; sourceTree = "<group>"; };
		DFEBE1E71A5287C10052D879 /* HelloKit.xcodeproj */ = {isa = PBXFileReference; lastKnownFileType = "wrapper.pb-project"; name = HelloKit.xcodeproj; path = HelloKit/HelloKit.xcodeproj; sourceTree = "<group>"; };
/* End PBXFileReference section */

/* Begin PBXFrameworksBuildPhase section */
		DFEBE1611A527E4C0052D879 /* Frameworks */ = {
			isa = PBXFrameworksBuildPhase;
			buildActionMask = 2147483647;
			files = (
				DFEBE1F21A5287E20052D879 /* HelloKit.framework in Frameworks */,
			);
			runOnlyForDeploymentPostprocessing = 0;
		};
		DFEBE17A1A527E4D0052D879 /* Frameworks */ = {
			isa = PBXFrameworksBuildPhase;
			buildActionMask = 2147483647;
			files = (
			);
			runOnlyForDeploymentPostprocessing = 0;
		};
/* End PBXFrameworksBuildPhase section */

/* Begin PBXGroup section */
		DFEBE15B1A527E4B0052D879 = {
			isa = PBXGroup;
			children = (
				DFEBE1661A527E4C0052D879 /* DyFrameworkOniOS7 */,
				DFEBE1801A527E4D0052D879 /* DyFrameworkOniOS7Tests */,
				DFEBE1651A527E4C0052D879 /* Products */,
				DFEBE1E71A5287C10052D879 /* HelloKit.xcodeproj */,
			);
			sourceTree = "<group>";
		};
		DFEBE1651A527E4C0052D879 /* Products */ = {
			isa = PBXGroup;
			children = (
				DFEBE1641A527E4C0052D879 /* DyFrameworkOniOS7.app */,
				DFEBE17D1A527E4D0052D879 /* DyFrameworkOniOS7Tests.xctest */,
			);
			name = Products;
			sourceTree = "<group>";
		};
		DFEBE1661A527E4C0052D879 /* DyFrameworkOniOS7 */ = {
			isa = PBXGroup;
			children = (
				DFEBE16B1A527E4C0052D879 /* AppDelegate.h */,
				DFEBE16C1A527E4C0052D879 /* AppDelegate.m */,
				DFEBE16E1A527E4C0052D879 /* ViewController.h */,
				DFEBE16F1A527E4C0052D879 /* ViewController.m */,
				DFEBE1711A527E4C0052D879 /* Main.storyboard */,
				DFEBE1741A527E4C0052D879 /* Images.xcassets */,
				DFEBE1761A527E4C0052D879 /* LaunchScreen.xib */,
				DFEBE1671A527E4C0052D879 /* Supporting Files */,
			);
			path = DyFrameworkOniOS7;
			sourceTree = "<group>";
		};
		DFEBE1671A527E4C0052D879 /* Supporting Files */ = {
			isa = PBXGroup;
			children = (
				DFEBE1681A527E4C0052D879 /* Info.plist */,
				DFEBE1691A527E4C0052D879 /* main.m */,
			);
			name = "Supporting Files";
			sourceTree = "<group>";
		};
		DFEBE1801A527E4D0052D879 /* DyFrameworkOniOS7Tests */ = {
			isa = PBXGroup;
			children = (
				DFEBE1831A527E4D0052D879 /* DyFrameworkOniOS7Tests.m */,
				DFEBE1811A527E4D0052D879 /* Supporting Files */,
			);
			path = DyFrameworkOniOS7Tests;
			sourceTree = "<group>";
		};
		DFEBE1811A527E4D0052D879 /* Supporting Files */ = {
			isa = PBXGroup;
			children = (
				DFEBE1821A527E4D0052D879 /* Info.plist */,
			);
			name = "Supporting Files";
			sourceTree = "<group>";
		};
		DFEBE1E81A5287C20052D879 /* Products */ = {
			isa = PBXGroup;
			children = (
				DFEBE1ED1A5287C20052D879 /* HelloKit.framework */,
				DFEBE1EF1A5287C20052D879 /* HelloKitTests.xctest */,
			);
			name = Products;
			sourceTree = "<group>";
		};
/* End PBXGroup section */

/* Begin PBXNativeTarget section */
		DFEBE1631A527E4C0052D879 /* DyFrameworkOniOS7 */ = {
			isa = PBXNativeTarget;
			buildConfigurationList = DFEBE1871A527E4D0052D879 /* Build configuration list for PBXNativeTarget "DyFrameworkOniOS7" */;
			buildPhases = (
				DFEBE1601A527E4C0052D879 /* Sources */,
				DFEBE1611A527E4C0052D879 /* Frameworks */,
				DFEBE1621A527E4C0052D879 /* Resources */,
				DFEBE1AE1A52802F0052D879 /* Embed Frameworks */,
			);
			buildRules = (
			);
			dependencies = (
				DFEBE1F11A5287DD0052D879 /* PBXTargetDependency */,
			);
			name = DyFrameworkOniOS7;
			productName = DyFrameworkOniOS7;
			productReference = DFEBE1641A527E4C0052D879 /* DyFrameworkOniOS7.app */;
			productType = "com.apple.product-type.application";
		};
		DFEBE17C1A527E4D0052D879 /* DyFrameworkOniOS7Tests */ = {
			isa = PBXNativeTarget;
			buildConfigurationList = DFEBE18A1A527E4D0052D879 /* Build configuration list for PBXNativeTarget "DyFrameworkOniOS7Tests" */;
			buildPhases = (
				DFEBE1791A527E4D0052D879 /* Sources */,
				DFEBE17A1A527E4D0052D879 /* Frameworks */,
				DFEBE17B1A527E4D0052D879 /* Resources */,
			);
			buildRules = (
			);
			dependencies = (
				DFEBE17F1A527E4D0052D879 /* PBXTargetDependency */,
			);
			name = DyFrameworkOniOS7Tests;
			productName = DyFrameworkOniOS7Tests;
			productReference = DFEBE17D1A527E4D0052D879 /* DyFrameworkOniOS7Tests.xctest */;
			productType = "com.apple.product-type.bundle.unit-test";
		};
/* End PBXNativeTarget section */

/* Begin PBXProject section */
		DFEBE15C1A527E4B0052D879 /* Project object */ = {
			isa = PBXProject;
			attributes = {
				LastUpgradeCheck = 0610;
				ORGANIZATIONNAME = "Yong Li";
				TargetAttributes = {
					DFEBE1631A527E4C0052D879 = {
						CreatedOnToolsVersion = 6.1.1;
						DevelopmentTeam = 5JVJL85RLX;
					};
					DFEBE17C1A527E4D0052D879 = {
						CreatedOnToolsVersion = 6.1.1;
						TestTargetID = DFEBE1631A527E4C0052D879;
					};
				};
			};
			buildConfigurationList = DFEBE15F1A527E4C0052D879 /* Build configuration list for PBXProject "DyFrameworkOniOS7" */;
			compatibilityVersion = "Xcode 3.2";
			developmentRegion = English;
			hasScannedForEncodings = 0;
			knownRegions = (
				en,
				Base,
			);
			mainGroup = DFEBE15B1A527E4B0052D879;
			productRefGroup = DFEBE1651A527E4C0052D879 /* Products */;
			projectDirPath = "";
			projectReferences = (
				{
					ProductGroup = DFEBE1E81A5287C20052D879 /* Products */;
					ProjectRef = DFEBE1E71A5287C10052D879 /* HelloKit.xcodeproj */;
				},
			);
			projectRoot = "";
			targets = (
				DFEBE1631A527E4C0052D879 /* DyFrameworkOniOS7 */,
				DFEBE17C1A527E4D0052D879 /* DyFrameworkOniOS7Tests */,
			);
		};
/* End PBXProject section */

/* Begin PBXReferenceProxy section */
		DFEBE1ED1A5287C20052D879 /* HelloKit.framework */ = {
			isa = PBXReferenceProxy;
			fileType = wrapper.framework;
			path = HelloKit.framework;
			remoteRef = DFEBE1EC1A5287C20052D879 /* PBXContainerItemProxy */;
			sourceTree = BUILT_PRODUCTS_DIR;
		};
		DFEBE1EF1A5287C20052D879 /* HelloKitTests.xctest */ = {
			isa = PBXReferenceProxy;
			fileType = wrapper.cfbundle;
			path = HelloKitTests.xctest;
			remoteRef = DFEBE1EE1A5287C20052D879 /* PBXContainerItemProxy */;
			sourceTree = BUILT_PRODUCTS_DIR;
		};
/* End PBXReferenceProxy section */

/* Begin PBXResourcesBuildPhase section */
		DFEBE1621A527E4C0052D879 /* Resources */ = {
			isa = PBXResourcesBuildPhase;
			buildActionMask = 2147483647;
			files = (
				DFEBE1731A527E4C0052D879 /* Main.storyboard in Resources */,
				DFEBE1781A527E4C0052D879 /* LaunchScreen.xib in Resources */,
				DFEBE1751A527E4C0052D879 /* Images.xcassets in Resources */,
			);
			runOnlyForDeploymentPostprocessing = 0;
		};
		DFEBE17B1A527E4D0052D879 /* Resources */ = {
			isa = PBXResourcesBuildPhase;
			buildActionMask = 2147483647;
			files = (
			);
			runOnlyForDeploymentPostprocessing = 0;
		};
/* End PBXResourcesBuildPhase section */

/* Begin PBXSourcesBuildPhase section */
		DFEBE1601A527E4C0052D879 /* Sources */ = {
			isa = PBXSourcesBuildPhase;
			buildActionMask = 2147483647;
			files = (
				DFEBE1701A527E4C0052D879 /* ViewController.m in Sources */,
				DFEBE16D1A527E4C0052D879 /* AppDelegate.m in Sources */,
				DFEBE16A1A527E4C0052D879 /* main.m in Sources */,
			);
			runOnlyForDeploymentPostprocessing = 0;
		};
		DFEBE1791A527E4D0052D879 /* Sources */ = {
			isa = PBXSourcesBuildPhase;
			buildActionMask = 2147483647;
			files = (
				DFEBE1841A527E4D0052D879 /* DyFrameworkOniOS7Tests.m in Sources */,
			);
			runOnlyForDeploymentPostprocessing = 0;
		};
/* End PBXSourcesBuildPhase section */

/* Begin PBXTargetDependency section */
		DFEBE17F1A527E4D0052D879 /* PBXTargetDependency */ = {
			isa = PBXTargetDependency;
			target = DFEBE1631A527E4C0052D879 /* DyFrameworkOniOS7 */;
			targetProxy = DFEBE17E1A527E4D0052D879 /* PBXContainerItemProxy */;
		};
		DFEBE1F11A5287DD0052D879 /* PBXTargetDependency */ = {
			isa = PBXTargetDependency;
			name = HelloKit;
			targetProxy = DFEBE1F01A5287DD0052D879 /* PBXContainerItemProxy */;
		};
/* End PBXTargetDependency section */

/* Begin PBXVariantGroup section */
		DFEBE1711A527E4C0052D879 /* Main.storyboard */ = {
			isa = PBXVariantGroup;
			children = (
				DFEBE1721A527E4C0052D879 /* Base */,
			);
			name = Main.storyboard;
			sourceTree = "<group>";
		};
		DFEBE1761A527E4C0052D879 /* LaunchScreen.xib */ = {
			isa = PBXVariantGroup;
			children = (
				DFEBE1771A527E4C0052D879 /* Base */,
			);
			name = LaunchScreen.xib;
			sourceTree = "<group>";
		};
/* End PBXVariantGroup section */

/* Begin XCBuildConfiguration section */
		DFEBE1851A527E4D0052D879 /* Debug */ = {
			isa = XCBuildConfiguration;
			buildSettings = {
				ALWAYS_SEARCH_USER_PATHS = NO;
				CLANG_CXX_LANGUAGE_STANDARD = "gnu++0x";
				CLANG_CXX_LIBRARY = "libc++";
				CLANG_ENABLE_MODULES = YES;
				CLANG_ENABLE_OBJC_ARC = YES;
				CLANG_WARN_BOOL_CONVERSION = YES;
				CLANG_WARN_CONSTANT_CONVERSION = YES;
				CLANG_WARN_DIRECT_OBJC_ISA_USAGE = YES_ERROR;
				CLANG_WARN_EMPTY_BODY = YES;
				CLANG_WARN_ENUM_CONVERSION = YES;
				CLANG_WARN_INT_CONVERSION = YES;
				CLANG_WARN_OBJC_ROOT_CLASS = YES_ERROR;
				CLANG_WARN_UNREACHABLE_CODE = YES;
				CLANG_WARN__DUPLICATE_METHOD_MATCH = YES;
				"CODE_SIGN_IDENTITY[sdk=iphoneos*]" = "iPhone Developer";
				COPY_PHASE_STRIP = NO;
				ENABLE_STRICT_OBJC_MSGSEND = YES;
				GCC_C_LANGUAGE_STANDARD = gnu99;
				GCC_DYNAMIC_NO_PIC = NO;
				GCC_OPTIMIZATION_LEVEL = 0;
				GCC_PREPROCESSOR_DEFINITIONS = (
					"DEBUG=1",
					"$(inherited)",
				);
				GCC_SYMBOLS_PRIVATE_EXTERN = NO;
				GCC_WARN_64_TO_32_BIT_CONVERSION = YES;
				GCC_WARN_ABOUT_RETURN_TYPE = YES_ERROR;
				GCC_WARN_UNDECLARED_SELECTOR = YES;
				GCC_WARN_UNINITIALIZED_AUTOS = YES_AGGRESSIVE;
				GCC_WARN_UNUSED_FUNCTION = YES;
				GCC_WARN_UNUSED_VARIABLE = YES;
				IPHONEOS_DEPLOYMENT_TARGET = 7.0;
				MTL_ENABLE_DEBUG_INFO = YES;
				ONLY_ACTIVE_ARCH = YES;
				SDKROOT = iphoneos;
				TARGETED_DEVICE_FAMILY = "1,2";
			};
			name = Debug;
		};
		DFEBE1861A527E4D0052D879 /* Release */ = {
			isa = XCBuildConfiguration;
			buildSettings = {
				ALWAYS_SEARCH_USER_PATHS = NO;
				CLANG_CXX_LANGUAGE_STANDARD = "gnu++0x";
				CLANG_CXX_LIBRARY = "libc++";
				CLANG_ENABLE_MODULES = YES;
				CLANG_ENABLE_OBJC_ARC = YES;
				CLANG_WARN_BOOL_CONVERSION = YES;
				CLANG_WARN_CONSTANT_CONVERSION = YES;
				CLANG_WARN_DIRECT_OBJC_ISA_USAGE = YES_ERROR;
				CLANG_WARN_EMPTY_BODY = YES;
				CLANG_WARN_ENUM_CONVERSION = YES;
				CLANG_WARN_INT_CONVERSION = YES;
				CLANG_WARN_OBJC_ROOT_CLASS = YES_ERROR;
				CLANG_WARN_UNREACHABLE_CODE = YES;
				CLANG_WARN__DUPLICATE_METHOD_MATCH = YES;
				"CODE_SIGN_IDENTITY[sdk=iphoneos*]" = "iPhone Developer";
				COPY_PHASE_STRIP = YES;
				ENABLE_NS_ASSERTIONS = NO;
				ENABLE_STRICT_OBJC_MSGSEND = YES;
				GCC_C_LANGUAGE_STANDARD = gnu99;
				GCC_WARN_64_TO_32_BIT_CONVERSION = YES;
				GCC_WARN_ABOUT_RETURN_TYPE = YES_ERROR;
				GCC_WARN_UNDECLARED_SELECTOR = YES;
				GCC_WARN_UNINITIALIZED_AUTOS = YES_AGGRESSIVE;
				GCC_WARN_UNUSED_FUNCTION = YES;
				GCC_WARN_UNUSED_VARIABLE = YES;
				IPHONEOS_DEPLOYMENT_TARGET = 7.0;
				MTL_ENABLE_DEBUG_INFO = NO;
				SDKROOT = iphoneos;
				TARGETED_DEVICE_FAMILY = "1,2";
				VALIDATE_PRODUCT = YES;
			};
			name = Release;
		};
		DFEBE1881A527E4D0052D879 /* Debug */ = {
			isa = XCBuildConfiguration;
			buildSettings = {
				ASSETCATALOG_COMPILER_APPICON_NAME = AppIcon;
				CODE_SIGN_IDENTITY = "iPhone Developer";
				INFOPLIST_FILE = DyFrameworkOniOS7/Info.plist;
				IPHONEOS_DEPLOYMENT_TARGET = 7.0;
				LD_RUNPATH_SEARCH_PATHS = "$(inherited) @executable_path/Frameworks";
				PRODUCT_NAME = "$(TARGET_NAME)";
			};
			name = Debug;
		};
		DFEBE1891A527E4D0052D879 /* Release */ = {
			isa = XCBuildConfiguration;
			buildSettings = {
				ASSETCATALOG_COMPILER_APPICON_NAME = AppIcon;
				CODE_SIGN_IDENTITY = "iPhone Developer";
				INFOPLIST_FILE = DyFrameworkOniOS7/Info.plist;
				IPHONEOS_DEPLOYMENT_TARGET = 7.0;
				LD_RUNPATH_SEARCH_PATHS = "$(inherited) @executable_path/Frameworks";
				PRODUCT_NAME = "$(TARGET_NAME)";
			};
			name = Release;
		};
		DFEBE18B1A527E4D0052D879 /* Debug */ = {
			isa = XCBuildConfiguration;
			buildSettings = {
				BUNDLE_LOADER = "$(TEST_HOST)";
				FRAMEWORK_SEARCH_PATHS = (
					"$(SDKROOT)/Developer/Library/Frameworks",
					"$(inherited)",
				);
				GCC_PREPROCESSOR_DEFINITIONS = (
					"DEBUG=1",
					"$(inherited)",
				);
				INFOPLIST_FILE = DyFrameworkOniOS7Tests/Info.plist;
				LD_RUNPATH_SEARCH_PATHS = "$(inherited) @executable_path/Frameworks @loader_path/Frameworks";
				PRODUCT_NAME = "$(TARGET_NAME)";
				TEST_HOST = "$(BUILT_PRODUCTS_DIR)/DyFrameworkOniOS7.app/DyFrameworkOniOS7";
			};
			name = Debug;
		};
		DFEBE18C1A527E4D0052D879 /* Release */ = {
			isa = XCBuildConfiguration;
			buildSettings = {
				BUNDLE_LOADER = "$(TEST_HOST)";
				FRAMEWORK_SEARCH_PATHS = (
					"$(SDKROOT)/Developer/Library/Frameworks",
					"$(inherited)",
				);
				INFOPLIST_FILE = DyFrameworkOniOS7Tests/Info.plist;
				LD_RUNPATH_SEARCH_PATHS = "$(inherited) @executable_path/Frameworks @loader_path/Frameworks";
				PRODUCT_NAME = "$(TARGET_NAME)";
				TEST_HOST = "$(BUILT_PRODUCTS_DIR)/DyFrameworkOniOS7.app/DyFrameworkOniOS7";
			};
			name = Release;
		};
/* End XCBuildConfiguration section */

/* Begin XCConfigurationList section */
		DFEBE15F1A527E4C0052D879 /* Build configuration list for PBXProject "DyFrameworkOniOS7" */ = {
			isa = XCConfigurationList;
			buildConfigurations = (
				DFEBE1851A527E4D0052D879 /* Debug */,
				DFEBE1861A527E4D0052D879 /* Release */,
			);
			defaultConfigurationIsVisible = 0;
			defaultConfigurationName = Release;
		};
		DFEBE1871A527E4D0052D879 /* Build configuration list for PBXNativeTarget "DyFrameworkOniOS7" */ = {
			isa = XCConfigurationList;
			buildConfigurations = (
				DFEBE1881A527E4D0052D879 /* Debug */,
				DFEBE1891A527E4D0052D879 /* Release */,
			);
			defaultConfigurationIsVisible = 0;
		};
		DFEBE18A1A527E4D0052D879 /* Build configuration list for PBXNativeTarget "DyFrameworkOniOS7Tests" */ = {
			isa = XCConfigurationList;
			buildConfigurations = (
				DFEBE18B1A527E4D0052D879 /* Debug */,
				DFEBE18C1A527E4D0052D879 /* Release */,
			);
			defaultConfigurationIsVisible = 0;
		};
/* End XCConfigurationList section */
	};
	rootObject = DFEBE15C1A527E4B0052D879 /* Project object */;
}
