// !$*UTF8*$!
{
	archiveVersion = 1;
	classes = {
	};
	objectVersion = 46;
	objects = {

/* Begin PBXBuildFile section */
		4E1BC53019667FDB00E9AD78 /* Foundation.framework in Frameworks */ = {isa = PBXBuildFile; fileRef = 4E1BC52F19667FDB00E9AD78 /* Foundation.framework */; };
		4E1BC53219667FDB00E9AD78 /* CoreGraphics.framework in Frameworks */ = {isa = PBXBuildFile; fileRef = 4E1BC53119667FDB00E9AD78 /* CoreGraphics.framework */; };
		4E1BC53419667FDB00E9AD78 /* UIKit.framework in Frameworks */ = {isa = PBXBuildFile; fileRef = 4E1BC53319667FDB00E9AD78 /* UIKit.framework */; };
		4E1BC53A19667FDB00E9AD78 /* InfoPlist.strings in Resources */ = {isa = PBXBuildFile; fileRef = 4E1BC53819667FDB00E9AD78 /* InfoPlist.strings */; };
		4E1BC53C19667FDB00E9AD78 /* main.m in Sources */ = {isa = PBXBuildFile; fileRef = 4E1BC53B19667FDB00E9AD78 /* main.m */; };
		4E1BC54019667FDB00E9AD78 /* AppDelegate.m in Sources */ = {isa = PBXBuildFile; fileRef = 4E1BC53F19667FDB00E9AD78 /* AppDelegate.m */; };
		4E1BC54319667FDB00E9AD78 /* Main.storyboard in Resources */ = {isa = PBXBuildFile; fileRef = 4E1BC54119667FDB00E9AD78 /* Main.storyboard */; };
		4E1BC54619667FDB00E9AD78 /* ViewController.m in Sources */ = {isa = PBXBuildFile; fileRef = 4E1BC54519667FDB00E9AD78 /* ViewController.m */; };
		4E1BC54819667FDB00E9AD78 /* Images.xcassets in Resources */ = {isa = PBXBuildFile; fileRef = 4E1BC54719667FDB00E9AD78 /* Images.xcassets */; };
		4E1BC54F19667FDB00E9AD78 /* XCTest.framework in Frameworks */ = {isa = PBXBuildFile; fileRef = 4E1BC54E19667FDB00E9AD78 /* XCTest.framework */; };
		4E1BC55019667FDB00E9AD78 /* Foundation.framework in Frameworks */ = {isa = PBXBuildFile; fileRef = 4E1BC52F19667FDB00E9AD78 /* Foundation.framework */; };
		4E1BC55119667FDB00E9AD78 /* UIKit.framework in Frameworks */ = {isa = PBXBuildFile; fileRef = 4E1BC53319667FDB00E9AD78 /* UIKit.framework */; };
		4E1BC55919667FDB00E9AD78 /* InfoPlist.strings in Resources */ = {isa = PBXBuildFile; fileRef = 4E1BC55719667FDB00E9AD78 /* InfoPlist.strings */; };
		4E1BC55B19667FDB00E9AD78 /* testChineseFontTests.m in Sources */ = {isa = PBXBuildFile; fileRef = 4E1BC55A19667FDB00E9AD78 /* testChineseFontTests.m */; };
		4E1BC56919668BEB00E9AD78 /* song.ttf in Resources */ = {isa = PBXBuildFile; fileRef = 4E1BC56819668BEB00E9AD78 /* song.ttf */; };
		4E1BC56A19668BEB00E9AD78 /* song.ttf in Resources */ = {isa = PBXBuildFile; fileRef = 4E1BC56819668BEB00E9AD78 /* song.ttf */; };
		4E1BC56C19668F7500E9AD78 /* 方正粗黑宋繁体.ttf in Resources */ = {isa = PBXBuildFile; fileRef = 4E1BC56B19668F7500E9AD78 /* 方正粗黑宋繁体.ttf */; };
		4E1BC56D19668F7500E9AD78 /* 方正粗黑宋繁体.ttf in Resources */ = {isa = PBXBuildFile; fileRef = 4E1BC56B19668F7500E9AD78 /* 方正粗黑宋繁体.ttf */; };
		4E1BC57219669CF500E9AD78 /* TpldKhangXiDictTrial.otf in Resources */ = {isa = PBXBuildFile; fileRef = 4E1BC57119669CF500E9AD78 /* TpldKhangXiDictTrial.otf */; };
		4E1BC57319669CF500E9AD78 /* TpldKhangXiDictTrial.otf in Resources */ = {isa = PBXBuildFile; fileRef = 4E1BC57119669CF500E9AD78 /* TpldKhangXiDictTrial.otf */; };
		4EFDA0CE1966EFAC00816AB4 /* FontTableViewController.m in Sources */ = {isa = PBXBuildFile; fileRef = 4EFDA0CD1966EFAC00816AB4 /* FontTableViewController.m */; };
		4EFDA0CF1966EFAC00816AB4 /* FontTableViewController.m in Sources */ = {isa = PBXBuildFile; fileRef = 4EFDA0CD1966EFAC00816AB4 /* FontTableViewController.m */; };
		4EFE61B81967ADDF00022C83 /* 方正清刻本悦宋简体.ttf in Resources */ = {isa = PBXBuildFile; fileRef = 4EFE61B71967ADDF00022C83 /* 方正清刻本悦宋简体.ttf */; };
		4EFE61B91967ADDF00022C83 /* 方正清刻本悦宋简体.ttf in Resources */ = {isa = PBXBuildFile; fileRef = 4EFE61B71967ADDF00022C83 /* 方正清刻本悦宋简体.ttf */; };
/* End PBXBuildFile section */

/* Begin PBXContainerItemProxy section */
		4E1BC55219667FDB00E9AD78 /* PBXContainerItemProxy */ = {
			isa = PBXContainerItemProxy;
			containerPortal = 4E1BC52419667FDB00E9AD78 /* Project object */;
			proxyType = 1;
			remoteGlobalIDString = 4E1BC52B19667FDB00E9AD78;
			remoteInfo = testChineseFont;
		};
/* End PBXContainerItemProxy section */

/* Begin PBXFileReference section */
		4E1BC52C19667FDB00E9AD78 /* testChineseFont.app */ = {isa = PBXFileReference; explicitFileType = wrapper.application; includeInIndex = 0; path = testChineseFont.app; sourceTree = BUILT_PRODUCTS_DIR; };
		4E1BC52F19667FDB00E9AD78 /* Foundation.framework */ = {isa = PBXFileReference; lastKnownFileType = wrapper.framework; name = Foundation.framework; path = System/Library/Frameworks/Foundation.framework; sourceTree = SDKROOT; };
		4E1BC53119667FDB00E9AD78 /* CoreGraphics.framework */ = {isa = PBXFileReference; lastKnownFileType = wrapper.framework; name = CoreGraphics.framework; path = System/Library/Frameworks/CoreGraphics.framework; sourceTree = SDKROOT; };
		4E1BC53319667FDB00E9AD78 /* UIKit.framework */ = {isa = PBXFileReference; lastKnownFileType = wrapper.framework; name = UIKit.framework; path = System/Library/Frameworks/UIKit.framework; sourceTree = SDKROOT; };
		4E1BC53719667FDB00E9AD78 /* testChineseFont-Info.plist */ = {isa = PBXFileReference; lastKnownFileType = text.plist.xml; path = "testChineseFont-Info.plist"; sourceTree = "<group>"; };
		4E1BC53919667FDB00E9AD78 /* en */ = {isa = PBXFileReference; lastKnownFileType = text.plist.strings; name = en; path = en.lproj/InfoPlist.strings; sourceTree = "<group>"; };
		4E1BC53B19667FDB00E9AD78 /* main.m */ = {isa = PBXFileReference; lastKnownFileType = sourcecode.c.objc; path = main.m; sourceTree = "<group>"; };
		4E1BC53D19667FDB00E9AD78 /* testChineseFont-Prefix.pch */ = {isa = PBXFileReference; lastKnownFileType = sourcecode.c.h; path = "testChineseFont-Prefix.pch"; sourceTree = "<group>"; };
		4E1BC53E19667FDB00E9AD78 /* AppDelegate.h */ = {isa = PBXFileReference; lastKnownFileType = sourcecode.c.h; path = AppDelegate.h; sourceTree = "<group>"; };
		4E1BC53F19667FDB00E9AD78 /* AppDelegate.m */ = {isa = PBXFileReference; lastKnownFileType = sourcecode.c.objc; path = AppDelegate.m; sourceTree = "<group>"; };
		4E1BC54219667FDB00E9AD78 /* Base */ = {isa = PBXFileReference; lastKnownFileType = file.storyboard; name = Base; path = Base.lproj/Main.storyboard; sourceTree = "<group>"; };
		4E1BC54419667FDB00E9AD78 /* ViewController.h */ = {isa = PBXFileReference; lastKnownFileType = sourcecode.c.h; path = ViewController.h; sourceTree = "<group>"; };
		4E1BC54519667FDB00E9AD78 /* ViewController.m */ = {isa = PBXFileReference; lastKnownFileType = sourcecode.c.objc; path = ViewController.m; sourceTree = "<group>"; };
		4E1BC54719667FDB00E9AD78 /* Images.xcassets */ = {isa = PBXFileReference; lastKnownFileType = folder.assetcatalog; path = Images.xcassets; sourceTree = "<group>"; };
		4E1BC54D19667FDB00E9AD78 /* testChineseFontTests.xctest */ = {isa = PBXFileReference; explicitFileType = wrapper.cfbundle; includeInIndex = 0; path = testChineseFontTests.xctest; sourceTree = BUILT_PRODUCTS_DIR; };
		4E1BC54E19667FDB00E9AD78 /* XCTest.framework */ = {isa = PBXFileReference; lastKnownFileType = wrapper.framework; name = XCTest.framework; path = Library/Frameworks/XCTest.framework; sourceTree = DEVELOPER_DIR; };
		4E1BC55619667FDB00E9AD78 /* testChineseFontTests-Info.plist */ = {isa = PBXFileReference; lastKnownFileType = text.plist.xml; path = "testChineseFontTests-Info.plist"; sourceTree = "<group>"; };
		4E1BC55819667FDB00E9AD78 /* en */ = {isa = PBXFileReference; lastKnownFileType = text.plist.strings; name = en; path = en.lproj/InfoPlist.strings; sourceTree = "<group>"; };
		4E1BC55A19667FDB00E9AD78 /* testChineseFontTests.m */ = {isa = PBXFileReference; lastKnownFileType = sourcecode.c.objc; path = testChineseFontTests.m; sourceTree = "<group>"; };
		4E1BC56819668BEB00E9AD78 /* song.ttf */ = {isa = PBXFileReference; lastKnownFileType = file; path = song.ttf; sourceTree = "<group>"; };
		4E1BC56B19668F7500E9AD78 /* 方正粗黑宋繁体.ttf */ = {isa = PBXFileReference; lastKnownFileType = file; path = "方正粗黑宋繁体.ttf"; sourceTree = "<group>"; };
		4E1BC57119669CF500E9AD78 /* TpldKhangXiDictTrial.otf */ = {isa = PBXFileReference; lastKnownFileType = file; path = TpldKhangXiDictTrial.otf; sourceTree = "<group>"; };
		4EFDA0CC1966EFAC00816AB4 /* FontTableViewController.h */ = {isa = PBXFileReference; fileEncoding = 4; lastKnownFileType = sourcecode.c.h; path = FontTableViewController.h; sourceTree = "<group>"; };
		4EFDA0CD1966EFAC00816AB4 /* FontTableViewController.m */ = {isa = PBXFileReference; fileEncoding = 4; lastKnownFileType = sourcecode.c.objc; path = FontTableViewController.m; sourceTree = "<group>"; };
		4EFE61B71967ADDF00022C83 /* 方正清刻本悦宋简体.ttf */ = {isa = PBXFileReference; lastKnownFileType = file; path = "方正清刻本悦宋简体.ttf"; sourceTree = "<group>"; };
/* End PBXFileReference section */

/* Begin PBXFrameworksBuildPhase section */
		4E1BC52919667FDB00E9AD78 /* Frameworks */ = {
			isa = PBXFrameworksBuildPhase;
			buildActionMask = 2147483647;
			files = (
				4E1BC53219667FDB00E9AD78 /* CoreGraphics.framework in Frameworks */,
				4E1BC53419667FDB00E9AD78 /* UIKit.framework in Frameworks */,
				4E1BC53019667FDB00E9AD78 /* Foundation.framework in Frameworks */,
			);
			runOnlyForDeploymentPostprocessing = 0;
		};
		4E1BC54A19667FDB00E9AD78 /* Frameworks */ = {
			isa = PBXFrameworksBuildPhase;
			buildActionMask = 2147483647;
			files = (
				4E1BC54F19667FDB00E9AD78 /* XCTest.framework in Frameworks */,
				4E1BC55119667FDB00E9AD78 /* UIKit.framework in Frameworks */,
				4E1BC55019667FDB00E9AD78 /* Foundation.framework in Frameworks */,
			);
			runOnlyForDeploymentPostprocessing = 0;
		};
/* End PBXFrameworksBuildPhase section */

/* Begin PBXGroup section */
		4E1BC52319667FDB00E9AD78 = {
			isa = PBXGroup;
			children = (
				4E1BC53519667FDB00E9AD78 /* testChineseFont */,
				4E1BC55419667FDB00E9AD78 /* testChineseFontTests */,
				4E1BC52E19667FDB00E9AD78 /* Frameworks */,
				4E1BC52D19667FDB00E9AD78 /* Products */,
			);
			sourceTree = "<group>";
		};
		4E1BC52D19667FDB00E9AD78 /* Products */ = {
			isa = PBXGroup;
			children = (
				4E1BC52C19667FDB00E9AD78 /* testChineseFont.app */,
				4E1BC54D19667FDB00E9AD78 /* testChineseFontTests.xctest */,
			);
			name = Products;
			sourceTree = "<group>";
		};
		4E1BC52E19667FDB00E9AD78 /* Frameworks */ = {
			isa = PBXGroup;
			children = (
				4E1BC52F19667FDB00E9AD78 /* Foundation.framework */,
				4E1BC53119667FDB00E9AD78 /* CoreGraphics.framework */,
				4E1BC53319667FDB00E9AD78 /* UIKit.framework */,
				4E1BC54E19667FDB00E9AD78 /* XCTest.framework */,
			);
			name = Frameworks;
			sourceTree = "<group>";
		};
		4E1BC53519667FDB00E9AD78 /* testChineseFont */ = {
			isa = PBXGroup;
			children = (
				4E1BC53E19667FDB00E9AD78 /* AppDelegate.h */,
				4E1BC53F19667FDB00E9AD78 /* AppDelegate.m */,
				4E1BC54119667FDB00E9AD78 /* Main.storyboard */,
				4E1BC54419667FDB00E9AD78 /* ViewController.h */,
				4E1BC54519667FDB00E9AD78 /* ViewController.m */,
				4EFDA0CC1966EFAC00816AB4 /* FontTableViewController.h */,
				4EFDA0CD1966EFAC00816AB4 /* FontTableViewController.m */,
				4E1BC56819668BEB00E9AD78 /* song.ttf */,
				4E1BC56B19668F7500E9AD78 /* 方正粗黑宋繁体.ttf */,
				4EFE61B71967ADDF00022C83 /* 方正清刻本悦宋简体.ttf */,
				4E1BC57119669CF500E9AD78 /* TpldKhangXiDictTrial.otf */,
				4E1BC54719667FDB00E9AD78 /* Images.xcassets */,
				4E1BC53619667FDB00E9AD78 /* Supporting Files */,
			);
			path = testChineseFont;
			sourceTree = "<group>";
		};
		4E1BC53619667FDB00E9AD78 /* Supporting Files */ = {
			isa = PBXGroup;
			children = (
				4E1BC53719667FDB00E9AD78 /* testChineseFont-Info.plist */,
				4E1BC53819667FDB00E9AD78 /* InfoPlist.strings */,
				4E1BC53B19667FDB00E9AD78 /* main.m */,
				4E1BC53D19667FDB00E9AD78 /* testChineseFont-Prefix.pch */,
			);
			name = "Supporting Files";
			sourceTree = "<group>";
		};
		4E1BC55419667FDB00E9AD78 /* testChineseFontTests */ = {
			isa = PBXGroup;
			children = (
				4E1BC55A19667FDB00E9AD78 /* testChineseFontTests.m */,
				4E1BC55519667FDB00E9AD78 /* Supporting Files */,
			);
			path = testChineseFontTests;
			sourceTree = "<group>";
		};
		4E1BC55519667FDB00E9AD78 /* Supporting Files */ = {
			isa = PBXGroup;
			children = (
				4E1BC55619667FDB00E9AD78 /* testChineseFontTests-Info.plist */,
				4E1BC55719667FDB00E9AD78 /* InfoPlist.strings */,
			);
			name = "Supporting Files";
			sourceTree = "<group>";
		};
/* End PBXGroup section */

/* Begin PBXNativeTarget section */
		4E1BC52B19667FDB00E9AD78 /* testChineseFont */ = {
			isa = PBXNativeTarget;
			buildConfigurationList = 4E1BC55E19667FDB00E9AD78 /* Build configuration list for PBXNativeTarget "testChineseFont" */;
			buildPhases = (
				4E1BC52819667FDB00E9AD78 /* Sources */,
				4E1BC52919667FDB00E9AD78 /* Frameworks */,
				4E1BC52A19667FDB00E9AD78 /* Resources */,
			);
			buildRules = (
			);
			dependencies = (
			);
			name = testChineseFont;
			productName = testChineseFont;
			productReference = 4E1BC52C19667FDB00E9AD78 /* testChineseFont.app */;
			productType = "com.apple.product-type.application";
		};
		4E1BC54C19667FDB00E9AD78 /* testChineseFontTests */ = {
			isa = PBXNativeTarget;
			buildConfigurationList = 4E1BC56119667FDB00E9AD78 /* Build configuration list for PBXNativeTarget "testChineseFontTests" */;
			buildPhases = (
				4E1BC54919667FDB00E9AD78 /* Sources */,
				4E1BC54A19667FDB00E9AD78 /* Frameworks */,
				4E1BC54B19667FDB00E9AD78 /* Resources */,
			);
			buildRules = (
			);
			dependencies = (
				4E1BC55319667FDB00E9AD78 /* PBXTargetDependency */,
			);
			name = testChineseFontTests;
			productName = testChineseFontTests;
			productReference = 4E1BC54D19667FDB00E9AD78 /* testChineseFontTests.xctest */;
			productType = "com.apple.product-type.bundle.unit-test";
		};
/* End PBXNativeTarget section */

/* Begin PBXProject section */
		4E1BC52419667FDB00E9AD78 /* Project object */ = {
			isa = PBXProject;
			attributes = {
				LastUpgradeCheck = 0510;
				ORGANIZATIONNAME = "Yong Li";
				TargetAttributes = {
					4E1BC52B19667FDB00E9AD78 = {
						DevelopmentTeam = 5JVJL85RLX;
					};
					4E1BC54C19667FDB00E9AD78 = {
						TestTargetID = 4E1BC52B19667FDB00E9AD78;
					};
				};
			};
			buildConfigurationList = 4E1BC52719667FDB00E9AD78 /* Build configuration list for PBXProject "testChineseFont" */;
			compatibilityVersion = "Xcode 3.2";
			developmentRegion = English;
			hasScannedForEncodings = 0;
			knownRegions = (
				en,
				Base,
			);
			mainGroup = 4E1BC52319667FDB00E9AD78;
			productRefGroup = 4E1BC52D19667FDB00E9AD78 /* Products */;
			projectDirPath = "";
			projectRoot = "";
			targets = (
				4E1BC52B19667FDB00E9AD78 /* testChineseFont */,
				4E1BC54C19667FDB00E9AD78 /* testChineseFontTests */,
			);
		};
/* End PBXProject section */

/* Begin PBXResourcesBuildPhase section */
		4E1BC52A19667FDB00E9AD78 /* Resources */ = {
			isa = PBXResourcesBuildPhase;
			buildActionMask = 2147483647;
			files = (
				4E1BC56C19668F7500E9AD78 /* 方正粗黑宋繁体.ttf in Resources */,
				4E1BC57219669CF500E9AD78 /* TpldKhangXiDictTrial.otf in Resources */,
				4E1BC56919668BEB00E9AD78 /* song.ttf in Resources */,
				4E1BC54819667FDB00E9AD78 /* Images.xcassets in Resources */,
				4EFE61B81967ADDF00022C83 /* 方正清刻本悦宋简体.ttf in Resources */,
				4E1BC53A19667FDB00E9AD78 /* InfoPlist.strings in Resources */,
				4E1BC54319667FDB00E9AD78 /* Main.storyboard in Resources */,
			);
			runOnlyForDeploymentPostprocessing = 0;
		};
		4E1BC54B19667FDB00E9AD78 /* Resources */ = {
			isa = PBXResourcesBuildPhase;
			buildActionMask = 2147483647;
			files = (
				4E1BC56A19668BEB00E9AD78 /* song.ttf in Resources */,
				4E1BC57319669CF500E9AD78 /* TpldKhangXiDictTrial.otf in Resources */,
				4EFE61B91967ADDF00022C83 /* 方正清刻本悦宋简体.ttf in Resources */,
				4E1BC55919667FDB00E9AD78 /* InfoPlist.strings in Resources */,
				4E1BC56D19668F7500E9AD78 /* 方正粗黑宋繁体.ttf in Resources */,
			);
			runOnlyForDeploymentPostprocessing = 0;
		};
/* End PBXResourcesBuildPhase section */

/* Begin PBXSourcesBuildPhase section */
		4E1BC52819667FDB00E9AD78 /* Sources */ = {
			isa = PBXSourcesBuildPhase;
			buildActionMask = 2147483647;
			files = (
				4E1BC54619667FDB00E9AD78 /* ViewController.m in Sources */,
				4E1BC54019667FDB00E9AD78 /* AppDelegate.m in Sources */,
				4EFDA0CE1966EFAC00816AB4 /* FontTableViewController.m in Sources */,
				4E1BC53C19667FDB00E9AD78 /* main.m in Sources */,
			);
			runOnlyForDeploymentPostprocessing = 0;
		};
		4E1BC54919667FDB00E9AD78 /* Sources */ = {
			isa = PBXSourcesBuildPhase;
			buildActionMask = 2147483647;
			files = (
				4EFDA0CF1966EFAC00816AB4 /* FontTableViewController.m in Sources */,
				4E1BC55B19667FDB00E9AD78 /* testChineseFontTests.m in Sources */,
			);
			runOnlyForDeploymentPostprocessing = 0;
		};
/* End PBXSourcesBuildPhase section */

/* Begin PBXTargetDependency section */
		4E1BC55319667FDB00E9AD78 /* PBXTargetDependency */ = {
			isa = PBXTargetDependency;
			target = 4E1BC52B19667FDB00E9AD78 /* testChineseFont */;
			targetProxy = 4E1BC55219667FDB00E9AD78 /* PBXContainerItemProxy */;
		};
/* End PBXTargetDependency section */

/* Begin PBXVariantGroup section */
		4E1BC53819667FDB00E9AD78 /* InfoPlist.strings */ = {
			isa = PBXVariantGroup;
			children = (
				4E1BC53919667FDB00E9AD78 /* en */,
			);
			name = InfoPlist.strings;
			sourceTree = "<group>";
		};
		4E1BC54119667FDB00E9AD78 /* Main.storyboard */ = {
			isa = PBXVariantGroup;
			children = (
				4E1BC54219667FDB00E9AD78 /* Base */,
			);
			name = Main.storyboard;
			sourceTree = "<group>";
		};
		4E1BC55719667FDB00E9AD78 /* InfoPlist.strings */ = {
			isa = PBXVariantGroup;
			children = (
				4E1BC55819667FDB00E9AD78 /* en */,
			);
			name = InfoPlist.strings;
			sourceTree = "<group>";
		};
/* End PBXVariantGroup section */

/* Begin XCBuildConfiguration section */
		4E1BC55C19667FDB00E9AD78 /* Debug */ = {
			isa = XCBuildConfiguration;
			buildSettings = {
				ALWAYS_SEARCH_USER_PATHS = NO;
				CLANG_CXX_LANGUAGE_STANDARD = "gnu++0x";
				CLANG_CXX_LIBRARY = "libc++";
				CLANG_ENABLE_MODULES = YES;
				CLANG_ENABLE_OBJC_ARC = YES;
				CLANG_WARN_BOOL_CONVERSION = YES;
				CLANG_WARN_CONSTANT_CONVERSION = YES;
				CLANG_WARN_DIRECT_OBJC_ISA_USAGE = YES_ERROR;
				CLANG_WARN_EMPTY_BODY = YES;
				CLANG_WARN_ENUM_CONVERSION = YES;
				CLANG_WARN_INT_CONVERSION = YES;
				CLANG_WARN_OBJC_ROOT_CLASS = YES_ERROR;
				CLANG_WARN__DUPLICATE_METHOD_MATCH = YES;
				"CODE_SIGN_IDENTITY[sdk=iphoneos*]" = "iPhone Developer";
				COPY_PHASE_STRIP = NO;
				GCC_C_LANGUAGE_STANDARD = gnu99;
				GCC_DYNAMIC_NO_PIC = NO;
				GCC_OPTIMIZATION_LEVEL = 0;
				GCC_PREPROCESSOR_DEFINITIONS = (
					"DEBUG=1",
					"$(inherited)",
				);
				GCC_SYMBOLS_PRIVATE_EXTERN = NO;
				GCC_WARN_64_TO_32_BIT_CONVERSION = YES;
				GCC_WARN_ABOUT_RETURN_TYPE = YES_ERROR;
				GCC_WARN_UNDECLARED_SELECTOR = YES;
				GCC_WARN_UNINITIALIZED_AUTOS = YES_AGGRESSIVE;
				GCC_WARN_UNUSED_FUNCTION = YES;
				GCC_WARN_UNUSED_VARIABLE = YES;
				IPHONEOS_DEPLOYMENT_TARGET = 7.1;
				ONLY_ACTIVE_ARCH = YES;
				SDKROOT = iphoneos;
			};
			name = Debug;
		};
		4E1BC55D19667FDB00E9AD78 /* Release */ = {
			isa = XCBuildConfiguration;
			buildSettings = {
				ALWAYS_SEARCH_USER_PATHS = NO;
				CLANG_CXX_LANGUAGE_STANDARD = "gnu++0x";
				CLANG_CXX_LIBRARY = "libc++";
				CLANG_ENABLE_MODULES = YES;
				CLANG_ENABLE_OBJC_ARC = YES;
				CLANG_WARN_BOOL_CONVERSION = YES;
				CLANG_WARN_CONSTANT_CONVERSION = YES;
				CLANG_WARN_DIRECT_OBJC_ISA_USAGE = YES_ERROR;
				CLANG_WARN_EMPTY_BODY = YES;
				CLANG_WARN_ENUM_CONVERSION = YES;
				CLANG_WARN_INT_CONVERSION = YES;
				CLANG_WARN_OBJC_ROOT_CLASS = YES_ERROR;
				CLANG_WARN__DUPLICATE_METHOD_MATCH = YES;
				"CODE_SIGN_IDENTITY[sdk=iphoneos*]" = "iPhone Developer";
				COPY_PHASE_STRIP = YES;
				ENABLE_NS_ASSERTIONS = NO;
				GCC_C_LANGUAGE_STANDARD = gnu99;
				GCC_WARN_64_TO_32_BIT_CONVERSION = YES;
				GCC_WARN_ABOUT_RETURN_TYPE = YES_ERROR;
				GCC_WARN_UNDECLARED_SELECTOR = YES;
				GCC_WARN_UNINITIALIZED_AUTOS = YES_AGGRESSIVE;
				GCC_WARN_UNUSED_FUNCTION = YES;
				GCC_WARN_UNUSED_VARIABLE = YES;
				IPHONEOS_DEPLOYMENT_TARGET = 7.1;
				SDKROOT = iphoneos;
				VALIDATE_PRODUCT = YES;
			};
			name = Release;
		};
		4E1BC55F19667FDB00E9AD78 /* Debug */ = {
			isa = XCBuildConfiguration;
			buildSettings = {
				ASSETCATALOG_COMPILER_APPICON_NAME = AppIcon;
				ASSETCATALOG_COMPILER_LAUNCHIMAGE_NAME = LaunchImage;
				CODE_SIGN_IDENTITY = "iPhone Developer";
				GCC_PRECOMPILE_PREFIX_HEADER = YES;
				GCC_PREFIX_HEADER = "testChineseFont/testChineseFont-Prefix.pch";
				INFOPLIST_FILE = "testChineseFont/testChineseFont-Info.plist";
				IPHONEOS_DEPLOYMENT_TARGET = 7.1;
				PRODUCT_NAME = "$(TARGET_NAME)";
				TARGETED_DEVICE_FAMILY = "1,2";
				WRAPPER_EXTENSION = app;
			};
			name = Debug;
		};
		4E1BC56019667FDB00E9AD78 /* Release */ = {
			isa = XCBuildConfiguration;
			buildSettings = {
				ASSETCATALOG_COMPILER_APPICON_NAME = AppIcon;
				ASSETCATALOG_COMPILER_LAUNCHIMAGE_NAME = LaunchImage;
				CODE_SIGN_IDENTITY = "iPhone Developer";
				GCC_PRECOMPILE_PREFIX_HEADER = YES;
				GCC_PREFIX_HEADER = "testChineseFont/testChineseFont-Prefix.pch";
				INFOPLIST_FILE = "testChineseFont/testChineseFont-Info.plist";
				IPHONEOS_DEPLOYMENT_TARGET = 7.1;
				PRODUCT_NAME = "$(TARGET_NAME)";
				TARGETED_DEVICE_FAMILY = "1,2";
				WRAPPER_EXTENSION = app;
			};
			name = Release;
		};
		4E1BC56219667FDB00E9AD78 /* Debug */ = {
			isa = XCBuildConfiguration;
			buildSettings = {
				BUNDLE_LOADER = "$(BUILT_PRODUCTS_DIR)/testChineseFont.app/testChineseFont";
				FRAMEWORK_SEARCH_PATHS = (
					"$(SDKROOT)/Developer/Library/Frameworks",
					"$(inherited)",
					"$(DEVELOPER_FRAMEWORKS_DIR)",
				);
				GCC_PRECOMPILE_PREFIX_HEADER = YES;
				GCC_PREFIX_HEADER = "testChineseFont/testChineseFont-Prefix.pch";
				GCC_PREPROCESSOR_DEFINITIONS = (
					"DEBUG=1",
					"$(inherited)",
				);
				INFOPLIST_FILE = "testChineseFontTests/testChineseFontTests-Info.plist";
				PRODUCT_NAME = "$(TARGET_NAME)";
				TEST_HOST = "$(BUNDLE_LOADER)";
				WRAPPER_EXTENSION = xctest;
			};
			name = Debug;
		};
		4E1BC56319667FDB00E9AD78 /* Release */ = {
			isa = XCBuildConfiguration;
			buildSettings = {
				BUNDLE_LOADER = "$(BUILT_PRODUCTS_DIR)/testChineseFont.app/testChineseFont";
				FRAMEWORK_SEARCH_PATHS = (
					"$(SDKROOT)/Developer/Library/Frameworks",
					"$(inherited)",
					"$(DEVELOPER_FRAMEWORKS_DIR)",
				);
				GCC_PRECOMPILE_PREFIX_HEADER = YES;
				GCC_PREFIX_HEADER = "testChineseFont/testChineseFont-Prefix.pch";
				INFOPLIST_FILE = "testChineseFontTests/testChineseFontTests-Info.plist";
				PRODUCT_NAME = "$(TARGET_NAME)";
				TEST_HOST = "$(BUNDLE_LOADER)";
				WRAPPER_EXTENSION = xctest;
			};
			name = Release;
		};
/* End XCBuildConfiguration section */

/* Begin XCConfigurationList section */
		4E1BC52719667FDB00E9AD78 /* Build configuration list for PBXProject "testChineseFont" */ = {
			isa = XCConfigurationList;
			buildConfigurations = (
				4E1BC55C19667FDB00E9AD78 /* Debug */,
				4E1BC55D19667FDB00E9AD78 /* Release */,
			);
			defaultConfigurationIsVisible = 0;
			defaultConfigurationName = Release;
		};
		4E1BC55E19667FDB00E9AD78 /* Build configuration list for PBXNativeTarget "testChineseFont" */ = {
			isa = XCConfigurationList;
			buildConfigurations = (
				4E1BC55F19667FDB00E9AD78 /* Debug */,
				4E1BC56019667FDB00E9AD78 /* Release */,
			);
			defaultConfigurationIsVisible = 0;
			defaultConfigurationName = Release;
		};
		4E1BC56119667FDB00E9AD78 /* Build configuration list for PBXNativeTarget "testChineseFontTests" */ = {
			isa = XCConfigurationList;
			buildConfigurations = (
				4E1BC56219667FDB00E9AD78 /* Debug */,
				4E1BC56319667FDB00E9AD78 /* Release */,
			);
			defaultConfigurationIsVisible = 0;
			defaultConfigurationName = Release;
		};
/* End XCConfigurationList section */
	};
	rootObject = 4E1BC52419667FDB00E9AD78 /* Project object */;
}
