// !$*UTF8*$!
{
	archiveVersion = 1;
	classes = {
	};
	objectVersion = 46;
	objects = {

/* Begin PBXBuildFile section */
		DF929E3119B6064900DA1154 /* Foundation.framework in Frameworks */ = {isa = PBXBuildFile; fileRef = DF929E3019B6064900DA1154 /* Foundation.framework */; };
		DF929E3319B6064900DA1154 /* CoreGraphics.framework in Frameworks */ = {isa = PBXBuildFile; fileRef = DF929E3219B6064900DA1154 /* CoreGraphics.framework */; };
		DF929E3519B6064900DA1154 /* UIKit.framework in Frameworks */ = {isa = PBXBuildFile; fileRef = DF929E3419B6064900DA1154 /* UIKit.framework */; };
		DF929E3B19B6064900DA1154 /* InfoPlist.strings in Resources */ = {isa = PBXBuildFile; fileRef = DF929E3919B6064900DA1154 /* InfoPlist.strings */; };
		DF929E3D19B6064900DA1154 /* main.m in Sources */ = {isa = PBXBuildFile; fileRef = DF929E3C19B6064900DA1154 /* main.m */; };
		DF929E4119B6064900DA1154 /* YLAppDelegate.m in Sources */ = {isa = PBXBuildFile; fileRef = DF929E4019B6064900DA1154 /* YLAppDelegate.m */; };
		DF929E4419B6064900DA1154 /* Main.storyboard in Resources */ = {isa = PBXBuildFile; fileRef = DF929E4219B6064900DA1154 /* Main.storyboard */; };
		DF929E4719B6064900DA1154 /* YLViewController.m in Sources */ = {isa = PBXBuildFile; fileRef = DF929E4619B6064900DA1154 /* YLViewController.m */; };
		DF929E4919B6064900DA1154 /* Images.xcassets in Resources */ = {isa = PBXBuildFile; fileRef = DF929E4819B6064900DA1154 /* Images.xcassets */; };
		DF929E5019B6064900DA1154 /* XCTest.framework in Frameworks */ = {isa = PBXBuildFile; fileRef = DF929E4F19B6064900DA1154 /* XCTest.framework */; };
		DF929E5119B6064900DA1154 /* Foundation.framework in Frameworks */ = {isa = PBXBuildFile; fileRef = DF929E3019B6064900DA1154 /* Foundation.framework */; };
		DF929E5219B6064900DA1154 /* UIKit.framework in Frameworks */ = {isa = PBXBuildFile; fileRef = DF929E3419B6064900DA1154 /* UIKit.framework */; };
		DF929E5A19B6064900DA1154 /* InfoPlist.strings in Resources */ = {isa = PBXBuildFile; fileRef = DF929E5819B6064900DA1154 /* InfoPlist.strings */; };
		DF929E5C19B6064900DA1154 /* testMultithreadingCoreDataTests.m in Sources */ = {isa = PBXBuildFile; fileRef = DF929E5B19B6064900DA1154 /* testMultithreadingCoreDataTests.m */; };
		DF929EF419B6076C00DA1154 /* CoreData.framework in Frameworks */ = {isa = PBXBuildFile; fileRef = DF929EF319B6076C00DA1154 /* CoreData.framework */; };
		DF929EF719B6079B00DA1154 /* Store.m in Sources */ = {isa = PBXBuildFile; fileRef = DF929EF619B6079B00DA1154 /* Store.m */; };
		DF929EF819B6079B00DA1154 /* Store.m in Sources */ = {isa = PBXBuildFile; fileRef = DF929EF619B6079B00DA1154 /* Store.m */; };
		DF929EFB19B6087C00DA1154 /* MyObject.xcdatamodeld in Sources */ = {isa = PBXBuildFile; fileRef = DF929EF919B6087C00DA1154 /* MyObject.xcdatamodeld */; };
		DF929EFC19B6087C00DA1154 /* MyObject.xcdatamodeld in Sources */ = {isa = PBXBuildFile; fileRef = DF929EF919B6087C00DA1154 /* MyObject.xcdatamodeld */; };
		DF929EFF19B608C300DA1154 /* MyObject.m in Sources */ = {isa = PBXBuildFile; fileRef = DF929EFE19B608C300DA1154 /* MyObject.m */; };
		DF929F0019B608C300DA1154 /* MyObject.m in Sources */ = {isa = PBXBuildFile; fileRef = DF929EFE19B608C300DA1154 /* MyObject.m */; };
/* End PBXBuildFile section */

/* Begin PBXContainerItemProxy section */
		DF929E5319B6064900DA1154 /* PBXContainerItemProxy */ = {
			isa = PBXContainerItemProxy;
			containerPortal = DF929E2519B6064900DA1154 /* Project object */;
			proxyType = 1;
			remoteGlobalIDString = DF929E2C19B6064900DA1154;
			remoteInfo = testMultithreadingCoreData;
		};
/* End PBXContainerItemProxy section */

/* Begin PBXFileReference section */
		DF929E2D19B6064900DA1154 /* testMultithreadingCoreData.app */ = {isa = PBXFileReference; explicitFileType = wrapper.application; includeInIndex = 0; path = testMultithreadingCoreData.app; sourceTree = BUILT_PRODUCTS_DIR; };
		DF929E3019B6064900DA1154 /* Foundation.framework */ = {isa = PBXFileReference; lastKnownFileType = wrapper.framework; name = Foundation.framework; path = System/Library/Frameworks/Foundation.framework; sourceTree = SDKROOT; };
		DF929E3219B6064900DA1154 /* CoreGraphics.framework */ = {isa = PBXFileReference; lastKnownFileType = wrapper.framework; name = CoreGraphics.framework; path = System/Library/Frameworks/CoreGraphics.framework; sourceTree = SDKROOT; };
		DF929E3419B6064900DA1154 /* UIKit.framework */ = {isa = PBXFileReference; lastKnownFileType = wrapper.framework; name = UIKit.framework; path = System/Library/Frameworks/UIKit.framework; sourceTree = SDKROOT; };
		DF929E3819B6064900DA1154 /* testMultithreadingCoreData-Info.plist */ = {isa = PBXFileReference; lastKnownFileType = text.plist.xml; path = "testMultithreadingCoreData-Info.plist"; sourceTree = "<group>"; };
		DF929E3A19B6064900DA1154 /* en */ = {isa = PBXFileReference; lastKnownFileType = text.plist.strings; name = en; path = en.lproj/InfoPlist.strings; sourceTree = "<group>"; };
		DF929E3C19B6064900DA1154 /* main.m */ = {isa = PBXFileReference; lastKnownFileType = sourcecode.c.objc; path = main.m; sourceTree = "<group>"; };
		DF929E3E19B6064900DA1154 /* testMultithreadingCoreData-Prefix.pch */ = {isa = PBXFileReference; lastKnownFileType = sourcecode.c.h; path = "testMultithreadingCoreData-Prefix.pch"; sourceTree = "<group>"; };
		DF929E3F19B6064900DA1154 /* YLAppDelegate.h */ = {isa = PBXFileReference; lastKnownFileType = sourcecode.c.h; path = YLAppDelegate.h; sourceTree = "<group>"; };
		DF929E4019B6064900DA1154 /* YLAppDelegate.m */ = {isa = PBXFileReference; lastKnownFileType = sourcecode.c.objc; path = YLAppDelegate.m; sourceTree = "<group>"; };
		DF929E4319B6064900DA1154 /* Base */ = {isa = PBXFileReference; lastKnownFileType = file.storyboard; name = Base; path = Base.lproj/Main.storyboard; sourceTree = "<group>"; };
		DF929E4519B6064900DA1154 /* YLViewController.h */ = {isa = PBXFileReference; lastKnownFileType = sourcecode.c.h; path = YLViewController.h; sourceTree = "<group>"; };
		DF929E4619B6064900DA1154 /* YLViewController.m */ = {isa = PBXFileReference; lastKnownFileType = sourcecode.c.objc; path = YLViewController.m; sourceTree = "<group>"; };
		DF929E4819B6064900DA1154 /* Images.xcassets */ = {isa = PBXFileReference; lastKnownFileType = folder.assetcatalog; path = Images.xcassets; sourceTree = "<group>"; };
		DF929E4E19B6064900DA1154 /* testMultithreadingCoreDataTests.xctest */ = {isa = PBXFileReference; explicitFileType = wrapper.cfbundle; includeInIndex = 0; path = testMultithreadingCoreDataTests.xctest; sourceTree = BUILT_PRODUCTS_DIR; };
		DF929E4F19B6064900DA1154 /* XCTest.framework */ = {isa = PBXFileReference; lastKnownFileType = wrapper.framework; name = XCTest.framework; path = Library/Frameworks/XCTest.framework; sourceTree = DEVELOPER_DIR; };
		DF929E5719B6064900DA1154 /* testMultithreadingCoreDataTests-Info.plist */ = {isa = PBXFileReference; lastKnownFileType = text.plist.xml; path = "testMultithreadingCoreDataTests-Info.plist"; sourceTree = "<group>"; };
		DF929E5919B6064900DA1154 /* en */ = {isa = PBXFileReference; lastKnownFileType = text.plist.strings; name = en; path = en.lproj/InfoPlist.strings; sourceTree = "<group>"; };
		DF929E5B19B6064900DA1154 /* testMultithreadingCoreDataTests.m */ = {isa = PBXFileReference; lastKnownFileType = sourcecode.c.objc; path = testMultithreadingCoreDataTests.m; sourceTree = "<group>"; };
		DF929EF319B6076C00DA1154 /* CoreData.framework */ = {isa = PBXFileReference; lastKnownFileType = wrapper.framework; name = CoreData.framework; path = System/Library/Frameworks/CoreData.framework; sourceTree = SDKROOT; };
		DF929EF519B6079B00DA1154 /* Store.h */ = {isa = PBXFileReference; fileEncoding = 4; lastKnownFileType = sourcecode.c.h; path = Store.h; sourceTree = "<group>"; };
		DF929EF619B6079B00DA1154 /* Store.m */ = {isa = PBXFileReference; fileEncoding = 4; lastKnownFileType = sourcecode.c.objc; path = Store.m; sourceTree = "<group>"; };
		DF929EFA19B6087C00DA1154 /* MyObject.xcdatamodel */ = {isa = PBXFileReference; lastKnownFileType = wrapper.xcdatamodel; path = MyObject.xcdatamodel; sourceTree = "<group>"; };
		DF929EFD19B608C300DA1154 /* MyObject.h */ = {isa = PBXFileReference; fileEncoding = 4; lastKnownFileType = sourcecode.c.h; path = MyObject.h; sourceTree = "<group>"; };
		DF929EFE19B608C300DA1154 /* MyObject.m */ = {isa = PBXFileReference; fileEncoding = 4; lastKnownFileType = sourcecode.c.objc; path = MyObject.m; sourceTree = "<group>"; };
/* End PBXFileReference section */

/* Begin PBXFrameworksBuildPhase section */
		DF929E2A19B6064900DA1154 /* Frameworks */ = {
			isa = PBXFrameworksBuildPhase;
			buildActionMask = 2147483647;
			files = (
				DF929EF419B6076C00DA1154 /* CoreData.framework in Frameworks */,
				DF929E3319B6064900DA1154 /* CoreGraphics.framework in Frameworks */,
				DF929E3519B6064900DA1154 /* UIKit.framework in Frameworks */,
				DF929E3119B6064900DA1154 /* Foundation.framework in Frameworks */,
			);
			runOnlyForDeploymentPostprocessing = 0;
		};
		DF929E4B19B6064900DA1154 /* Frameworks */ = {
			isa = PBXFrameworksBuildPhase;
			buildActionMask = 2147483647;
			files = (
				DF929E5019B6064900DA1154 /* XCTest.framework in Frameworks */,
				DF929E5219B6064900DA1154 /* UIKit.framework in Frameworks */,
				DF929E5119B6064900DA1154 /* Foundation.framework in Frameworks */,
			);
			runOnlyForDeploymentPostprocessing = 0;
		};
/* End PBXFrameworksBuildPhase section */

/* Begin PBXGroup section */
		DF929E2419B6064900DA1154 = {
			isa = PBXGroup;
			children = (
				DF929E3619B6064900DA1154 /* testMultithreadingCoreData */,
				DF929E5519B6064900DA1154 /* testMultithreadingCoreDataTests */,
				DF929E2F19B6064900DA1154 /* Frameworks */,
				DF929E2E19B6064900DA1154 /* Products */,
			);
			sourceTree = "<group>";
		};
		DF929E2E19B6064900DA1154 /* Products */ = {
			isa = PBXGroup;
			children = (
				DF929E2D19B6064900DA1154 /* testMultithreadingCoreData.app */,
				DF929E4E19B6064900DA1154 /* testMultithreadingCoreDataTests.xctest */,
			);
			name = Products;
			sourceTree = "<group>";
		};
		DF929E2F19B6064900DA1154 /* Frameworks */ = {
			isa = PBXGroup;
			children = (
				DF929EF319B6076C00DA1154 /* CoreData.framework */,
				DF929E3019B6064900DA1154 /* Foundation.framework */,
				DF929E3219B6064900DA1154 /* CoreGraphics.framework */,
				DF929E3419B6064900DA1154 /* UIKit.framework */,
				DF929E4F19B6064900DA1154 /* XCTest.framework */,
			);
			name = Frameworks;
			sourceTree = "<group>";
		};
		DF929E3619B6064900DA1154 /* testMultithreadingCoreData */ = {
			isa = PBXGroup;
			children = (
				DF929E3F19B6064900DA1154 /* YLAppDelegate.h */,
				DF929E4019B6064900DA1154 /* YLAppDelegate.m */,
				DF929E4219B6064900DA1154 /* Main.storyboard */,
				DF929E4519B6064900DA1154 /* YLViewController.h */,
				DF929E4619B6064900DA1154 /* YLViewController.m */,
				DF929EF519B6079B00DA1154 /* Store.h */,
				DF929EF619B6079B00DA1154 /* Store.m */,
				DF929EF919B6087C00DA1154 /* MyObject.xcdatamodeld */,
				DF929EFD19B608C300DA1154 /* MyObject.h */,
				DF929EFE19B608C300DA1154 /* MyObject.m */,
				DF929E4819B6064900DA1154 /* Images.xcassets */,
				DF929E3719B6064900DA1154 /* Supporting Files */,
			);
			path = testMultithreadingCoreData;
			sourceTree = "<group>";
		};
		DF929E3719B6064900DA1154 /* Supporting Files */ = {
			isa = PBXGroup;
			children = (
				DF929E3819B6064900DA1154 /* testMultithreadingCoreData-Info.plist */,
				DF929E3919B6064900DA1154 /* InfoPlist.strings */,
				DF929E3C19B6064900DA1154 /* main.m */,
				DF929E3E19B6064900DA1154 /* testMultithreadingCoreData-Prefix.pch */,
			);
			name = "Supporting Files";
			sourceTree = "<group>";
		};
		DF929E5519B6064900DA1154 /* testMultithreadingCoreDataTests */ = {
			isa = PBXGroup;
			children = (
				DF929E5B19B6064900DA1154 /* testMultithreadingCoreDataTests.m */,
				DF929E5619B6064900DA1154 /* Supporting Files */,
			);
			path = testMultithreadingCoreDataTests;
			sourceTree = "<group>";
		};
		DF929E5619B6064900DA1154 /* Supporting Files */ = {
			isa = PBXGroup;
			children = (
				DF929E5719B6064900DA1154 /* testMultithreadingCoreDataTests-Info.plist */,
				DF929E5819B6064900DA1154 /* InfoPlist.strings */,
			);
			name = "Supporting Files";
			sourceTree = "<group>";
		};
/* End PBXGroup section */

/* Begin PBXNativeTarget section */
		DF929E2C19B6064900DA1154 /* testMultithreadingCoreData */ = {
			isa = PBXNativeTarget;
			buildConfigurationList = DF929E5F19B6064900DA1154 /* Build configuration list for PBXNativeTarget "testMultithreadingCoreData" */;
			buildPhases = (
				DF929E2919B6064900DA1154 /* Sources */,
				DF929E2A19B6064900DA1154 /* Frameworks */,
				DF929E2B19B6064900DA1154 /* Resources */,
			);
			buildRules = (
			);
			dependencies = (
			);
			name = testMultithreadingCoreData;
			productName = testMultithreadingCoreData;
			productReference = DF929E2D19B6064900DA1154 /* testMultithreadingCoreData.app */;
			productType = "com.apple.product-type.application";
		};
		DF929E4D19B6064900DA1154 /* testMultithreadingCoreDataTests */ = {
			isa = PBXNativeTarget;
			buildConfigurationList = DF929E6219B6064900DA1154 /* Build configuration list for PBXNativeTarget "testMultithreadingCoreDataTests" */;
			buildPhases = (
				DF929E4A19B6064900DA1154 /* Sources */,
				DF929E4B19B6064900DA1154 /* Frameworks */,
				DF929E4C19B6064900DA1154 /* Resources */,
			);
			buildRules = (
			);
			dependencies = (
				DF929E5419B6064900DA1154 /* PBXTargetDependency */,
			);
			name = testMultithreadingCoreDataTests;
			productName = testMultithreadingCoreDataTests;
			productReference = DF929E4E19B6064900DA1154 /* testMultithreadingCoreDataTests.xctest */;
			productType = "com.apple.product-type.bundle.unit-test";
		};
/* End PBXNativeTarget section */

/* Begin PBXProject section */
		DF929E2519B6064900DA1154 /* Project object */ = {
			isa = PBXProject;
			attributes = {
				CLASSPREFIX = YL;
				LastUpgradeCheck = 0510;
				ORGANIZATIONNAME = "Yong Li";
				TargetAttributes = {
					DF929E4D19B6064900DA1154 = {
						TestTargetID = DF929E2C19B6064900DA1154;
					};
				};
			};
			buildConfigurationList = DF929E2819B6064900DA1154 /* Build configuration list for PBXProject "testMultithreadingCoreData" */;
			compatibilityVersion = "Xcode 3.2";
			developmentRegion = English;
			hasScannedForEncodings = 0;
			knownRegions = (
				en,
				Base,
			);
			mainGroup = DF929E2419B6064900DA1154;
			productRefGroup = DF929E2E19B6064900DA1154 /* Products */;
			projectDirPath = "";
			projectRoot = "";
			targets = (
				DF929E2C19B6064900DA1154 /* testMultithreadingCoreData */,
				DF929E4D19B6064900DA1154 /* testMultithreadingCoreDataTests */,
			);
		};
/* End PBXProject section */

/* Begin PBXResourcesBuildPhase section */
		DF929E2B19B6064900DA1154 /* Resources */ = {
			isa = PBXResourcesBuildPhase;
			buildActionMask = 2147483647;
			files = (
				DF929E4919B6064900DA1154 /* Images.xcassets in Resources */,
				DF929E3B19B6064900DA1154 /* InfoPlist.strings in Resources */,
				DF929E4419B6064900DA1154 /* Main.storyboard in Resources */,
			);
			runOnlyForDeploymentPostprocessing = 0;
		};
		DF929E4C19B6064900DA1154 /* Resources */ = {
			isa = PBXResourcesBuildPhase;
			buildActionMask = 2147483647;
			files = (
				DF929E5A19B6064900DA1154 /* InfoPlist.strings in Resources */,
			);
			runOnlyForDeploymentPostprocessing = 0;
		};
/* End PBXResourcesBuildPhase section */

/* Begin PBXSourcesBuildPhase section */
		DF929E2919B6064900DA1154 /* Sources */ = {
			isa = PBXSourcesBuildPhase;
			buildActionMask = 2147483647;
			files = (
				DF929E3D19B6064900DA1154 /* main.m in Sources */,
				DF929E4719B6064900DA1154 /* YLViewController.m in Sources */,
				DF929EFF19B608C300DA1154 /* MyObject.m in Sources */,
				DF929E4119B6064900DA1154 /* YLAppDelegate.m in Sources */,
				DF929EF719B6079B00DA1154 /* Store.m in Sources */,
				DF929EFB19B6087C00DA1154 /* MyObject.xcdatamodeld in Sources */,
			);
			runOnlyForDeploymentPostprocessing = 0;
		};
		DF929E4A19B6064900DA1154 /* Sources */ = {
			isa = PBXSourcesBuildPhase;
			buildActionMask = 2147483647;
			files = (
				DF929E5C19B6064900DA1154 /* testMultithreadingCoreDataTests.m in Sources */,
				DF929EFC19B6087C00DA1154 /* MyObject.xcdatamodeld in Sources */,
				DF929F0019B608C300DA1154 /* MyObject.m in Sources */,
				DF929EF819B6079B00DA1154 /* Store.m in Sources */,
			);
			runOnlyForDeploymentPostprocessing = 0;
		};
/* End PBXSourcesBuildPhase section */

/* Begin PBXTargetDependency section */
		DF929E5419B6064900DA1154 /* PBXTargetDependency */ = {
			isa = PBXTargetDependency;
			target = DF929E2C19B6064900DA1154 /* testMultithreadingCoreData */;
			targetProxy = DF929E5319B6064900DA1154 /* PBXContainerItemProxy */;
		};
/* End PBXTargetDependency section */

/* Begin PBXVariantGroup section */
		DF929E3919B6064900DA1154 /* InfoPlist.strings */ = {
			isa = PBXVariantGroup;
			children = (
				DF929E3A19B6064900DA1154 /* en */,
			);
			name = InfoPlist.strings;
			sourceTree = "<group>";
		};
		DF929E4219B6064900DA1154 /* Main.storyboard */ = {
			isa = PBXVariantGroup;
			children = (
				DF929E4319B6064900DA1154 /* Base */,
			);
			name = Main.storyboard;
			sourceTree = "<group>";
		};
		DF929E5819B6064900DA1154 /* InfoPlist.strings */ = {
			isa = PBXVariantGroup;
			children = (
				DF929E5919B6064900DA1154 /* en */,
			);
			name = InfoPlist.strings;
			sourceTree = "<group>";
		};
/* End PBXVariantGroup section */

/* Begin XCBuildConfiguration section */
		DF929E5D19B6064900DA1154 /* Debug */ = {
			isa = XCBuildConfiguration;
			buildSettings = {
				ALWAYS_SEARCH_USER_PATHS = NO;
				CLANG_CXX_LANGUAGE_STANDARD = "gnu++0x";
				CLANG_CXX_LIBRARY = "libc++";
				CLANG_ENABLE_MODULES = YES;
				CLANG_ENABLE_OBJC_ARC = YES;
				CLANG_WARN_BOOL_CONVERSION = YES;
				CLANG_WARN_CONSTANT_CONVERSION = YES;
				CLANG_WARN_DIRECT_OBJC_ISA_USAGE = YES_ERROR;
				CLANG_WARN_EMPTY_BODY = YES;
				CLANG_WARN_ENUM_CONVERSION = YES;
				CLANG_WARN_INT_CONVERSION = YES;
				CLANG_WARN_OBJC_ROOT_CLASS = YES_ERROR;
				CLANG_WARN__DUPLICATE_METHOD_MATCH = YES;
				"CODE_SIGN_IDENTITY[sdk=iphoneos*]" = "iPhone Developer";
				COPY_PHASE_STRIP = NO;
				GCC_C_LANGUAGE_STANDARD = gnu99;
				GCC_DYNAMIC_NO_PIC = NO;
				GCC_OPTIMIZATION_LEVEL = 0;
				GCC_PREPROCESSOR_DEFINITIONS = (
					"DEBUG=1",
					"$(inherited)",
				);
				GCC_SYMBOLS_PRIVATE_EXTERN = NO;
				GCC_WARN_64_TO_32_BIT_CONVERSION = YES;
				GCC_WARN_ABOUT_RETURN_TYPE = YES_ERROR;
				GCC_WARN_UNDECLARED_SELECTOR = YES;
				GCC_WARN_UNINITIALIZED_AUTOS = YES_AGGRESSIVE;
				GCC_WARN_UNUSED_FUNCTION = YES;
				GCC_WARN_UNUSED_VARIABLE = YES;
				IPHONEOS_DEPLOYMENT_TARGET = 7.1;
				ONLY_ACTIVE_ARCH = YES;
				SDKROOT = iphoneos;
			};
			name = Debug;
		};
		DF929E5E19B6064900DA1154 /* Release */ = {
			isa = XCBuildConfiguration;
			buildSettings = {
				ALWAYS_SEARCH_USER_PATHS = NO;
				CLANG_CXX_LANGUAGE_STANDARD = "gnu++0x";
				CLANG_CXX_LIBRARY = "libc++";
				CLANG_ENABLE_MODULES = YES;
				CLANG_ENABLE_OBJC_ARC = YES;
				CLANG_WARN_BOOL_CONVERSION = YES;
				CLANG_WARN_CONSTANT_CONVERSION = YES;
				CLANG_WARN_DIRECT_OBJC_ISA_USAGE = YES_ERROR;
				CLANG_WARN_EMPTY_BODY = YES;
				CLANG_WARN_ENUM_CONVERSION = YES;
				CLANG_WARN_INT_CONVERSION = YES;
				CLANG_WARN_OBJC_ROOT_CLASS = YES_ERROR;
				CLANG_WARN__DUPLICATE_METHOD_MATCH = YES;
				"CODE_SIGN_IDENTITY[sdk=iphoneos*]" = "iPhone Developer";
				COPY_PHASE_STRIP = YES;
				ENABLE_NS_ASSERTIONS = NO;
				GCC_C_LANGUAGE_STANDARD = gnu99;
				GCC_WARN_64_TO_32_BIT_CONVERSION = YES;
				GCC_WARN_ABOUT_RETURN_TYPE = YES_ERROR;
				GCC_WARN_UNDECLARED_SELECTOR = YES;
				GCC_WARN_UNINITIALIZED_AUTOS = YES_AGGRESSIVE;
				GCC_WARN_UNUSED_FUNCTION = YES;
				GCC_WARN_UNUSED_VARIABLE = YES;
				IPHONEOS_DEPLOYMENT_TARGET = 7.1;
				SDKROOT = iphoneos;
				VALIDATE_PRODUCT = YES;
			};
			name = Release;
		};
		DF929E6019B6064900DA1154 /* Debug */ = {
			isa = XCBuildConfiguration;
			buildSettings = {
				ASSETCATALOG_COMPILER_APPICON_NAME = AppIcon;
				ASSETCATALOG_COMPILER_LAUNCHIMAGE_NAME = LaunchImage;
				GCC_PRECOMPILE_PREFIX_HEADER = YES;
				GCC_PREFIX_HEADER = "testMultithreadingCoreData/testMultithreadingCoreData-Prefix.pch";
				INFOPLIST_FILE = "testMultithreadingCoreData/testMultithreadingCoreData-Info.plist";
				PRODUCT_NAME = "$(TARGET_NAME)";
				WRAPPER_EXTENSION = app;
			};
			name = Debug;
		};
		DF929E6119B6064900DA1154 /* Release */ = {
			isa = XCBuildConfiguration;
			buildSettings = {
				ASSETCATALOG_COMPILER_APPICON_NAME = AppIcon;
				ASSETCATALOG_COMPILER_LAUNCHIMAGE_NAME = LaunchImage;
				GCC_PRECOMPILE_PREFIX_HEADER = YES;
				GCC_PREFIX_HEADER = "testMultithreadingCoreData/testMultithreadingCoreData-Prefix.pch";
				INFOPLIST_FILE = "testMultithreadingCoreData/testMultithreadingCoreData-Info.plist";
				PRODUCT_NAME = "$(TARGET_NAME)";
				WRAPPER_EXTENSION = app;
			};
			name = Release;
		};
		DF929E6319B6064900DA1154 /* Debug */ = {
			isa = XCBuildConfiguration;
			buildSettings = {
				BUNDLE_LOADER = "$(BUILT_PRODUCTS_DIR)/testMultithreadingCoreData.app/testMultithreadingCoreData";
				FRAMEWORK_SEARCH_PATHS = (
					"$(SDKROOT)/Developer/Library/Frameworks",
					"$(inherited)",
					"$(DEVELOPER_FRAMEWORKS_DIR)",
				);
				GCC_PRECOMPILE_PREFIX_HEADER = YES;
				GCC_PREFIX_HEADER = "testMultithreadingCoreData/testMultithreadingCoreData-Prefix.pch";
				GCC_PREPROCESSOR_DEFINITIONS = (
					"DEBUG=1",
					"$(inherited)",
				);
				INFOPLIST_FILE = "testMultithreadingCoreDataTests/testMultithreadingCoreDataTests-Info.plist";
				PRODUCT_NAME = "$(TARGET_NAME)";
				TEST_HOST = "$(BUNDLE_LOADER)";
				WRAPPER_EXTENSION = xctest;
			};
			name = Debug;
		};
		DF929E6419B6064900DA1154 /* Release */ = {
			isa = XCBuildConfiguration;
			buildSettings = {
				BUNDLE_LOADER = "$(BUILT_PRODUCTS_DIR)/testMultithreadingCoreData.app/testMultithreadingCoreData";
				FRAMEWORK_SEARCH_PATHS = (
					"$(SDKROOT)/Developer/Library/Frameworks",
					"$(inherited)",
					"$(DEVELOPER_FRAMEWORKS_DIR)",
				);
				GCC_PRECOMPILE_PREFIX_HEADER = YES;
				GCC_PREFIX_HEADER = "testMultithreadingCoreData/testMultithreadingCoreData-Prefix.pch";
				INFOPLIST_FILE = "testMultithreadingCoreDataTests/testMultithreadingCoreDataTests-Info.plist";
				PRODUCT_NAME = "$(TARGET_NAME)";
				TEST_HOST = "$(BUNDLE_LOADER)";
				WRAPPER_EXTENSION = xctest;
			};
			name = Release;
		};
/* End XCBuildConfiguration section */

/* Begin XCConfigurationList section */
		DF929E2819B6064900DA1154 /* Build configuration list for PBXProject "testMultithreadingCoreData" */ = {
			isa = XCConfigurationList;
			buildConfigurations = (
				DF929E5D19B6064900DA1154 /* Debug */,
				DF929E5E19B6064900DA1154 /* Release */,
			);
			defaultConfigurationIsVisible = 0;
			defaultConfigurationName = Release;
		};
		DF929E5F19B6064900DA1154 /* Build configuration list for PBXNativeTarget "testMultithreadingCoreData" */ = {
			isa = XCConfigurationList;
			buildConfigurations = (
				DF929E6019B6064900DA1154 /* Debug */,
				DF929E6119B6064900DA1154 /* Release */,
			);
			defaultConfigurationIsVisible = 0;
		};
		DF929E6219B6064900DA1154 /* Build configuration list for PBXNativeTarget "testMultithreadingCoreDataTests" */ = {
			isa = XCConfigurationList;
			buildConfigurations = (
				DF929E6319B6064900DA1154 /* Debug */,
				DF929E6419B6064900DA1154 /* Release */,
			);
			defaultConfigurationIsVisible = 0;
		};
/* End XCConfigurationList section */

/* Begin XCVersionGroup section */
		DF929EF919B6087C00DA1154 /* MyObject.xcdatamodeld */ = {
			isa = XCVersionGroup;
			children = (
				DF929EFA19B6087C00DA1154 /* MyObject.xcdatamodel */,
			);
			currentVersion = DF929EFA19B6087C00DA1154 /* MyObject.xcdatamodel */;
			path = MyObject.xcdatamodeld;
			sourceTree = "<group>";
			versionGroupType = wrapper.xcdatamodel;
		};
/* End XCVersionGroup section */
	};
	rootObject = DF929E2519B6064900DA1154 /* Project object */;
}
