// !$*UTF8*$!
{
	archiveVersion = 1;
	classes = {
	};
	objectVersion = 46;
	objects = {

/* Begin PBXBuildFile section */
		4EC6F02218E0362500D4F066 /* Foundation.framework in Frameworks */ = {isa = PBXBuildFile; fileRef = 4EC6F02118E0362500D4F066 /* Foundation.framework */; };
		4EC6F02418E0362500D4F066 /* CoreGraphics.framework in Frameworks */ = {isa = PBXBuildFile; fileRef = 4EC6F02318E0362500D4F066 /* CoreGraphics.framework */; };
		4EC6F02618E0362500D4F066 /* UIKit.framework in Frameworks */ = {isa = PBXBuildFile; fileRef = 4EC6F02518E0362500D4F066 /* UIKit.framework */; };
		4EC6F02C18E0362500D4F066 /* InfoPlist.strings in Resources */ = {isa = PBXBuildFile; fileRef = 4EC6F02A18E0362500D4F066 /* InfoPlist.strings */; };
		4EC6F02E18E0362500D4F066 /* main.m in Sources */ = {isa = PBXBuildFile; fileRef = 4EC6F02D18E0362500D4F066 /* main.m */; };
		4EC6F03218E0362500D4F066 /* AppDelegate.m in Sources */ = {isa = PBXBuildFile; fileRef = 4EC6F03118E0362500D4F066 /* AppDelegate.m */; };
		4EC6F03418E0362500D4F066 /* Images.xcassets in Resources */ = {isa = PBXBuildFile; fileRef = 4EC6F03318E0362500D4F066 /* Images.xcassets */; };
		4EC6F03B18E0362500D4F066 /* XCTest.framework in Frameworks */ = {isa = PBXBuildFile; fileRef = 4EC6F03A18E0362500D4F066 /* XCTest.framework */; };
		4EC6F03C18E0362500D4F066 /* Foundation.framework in Frameworks */ = {isa = PBXBuildFile; fileRef = 4EC6F02118E0362500D4F066 /* Foundation.framework */; };
		4EC6F03D18E0362500D4F066 /* UIKit.framework in Frameworks */ = {isa = PBXBuildFile; fileRef = 4EC6F02518E0362500D4F066 /* UIKit.framework */; };
		4EC6F04518E0362500D4F066 /* InfoPlist.strings in Resources */ = {isa = PBXBuildFile; fileRef = 4EC6F04318E0362500D4F066 /* InfoPlist.strings */; };
		4EC6F04718E0362500D4F066 /* testReactiveCocoaTests.m in Sources */ = {isa = PBXBuildFile; fileRef = 4EC6F04618E0362500D4F066 /* testReactiveCocoaTests.m */; };
		4EC6F05218E0396400D4F066 /* testViewController.m in Sources */ = {isa = PBXBuildFile; fileRef = 4EC6F05118E0396400D4F066 /* testViewController.m */; };
		8B4B496F102442899EBE29E9 /* libPods.a in Frameworks */ = {isa = PBXBuildFile; fileRef = 3A995CC302184A8E951A738B /* libPods.a */; };
/* End PBXBuildFile section */

/* Begin PBXContainerItemProxy section */
		4EC6F03E18E0362500D4F066 /* PBXContainerItemProxy */ = {
			isa = PBXContainerItemProxy;
			containerPortal = 4EC6F01618E0362500D4F066 /* Project object */;
			proxyType = 1;
			remoteGlobalIDString = 4EC6F01D18E0362500D4F066;
			remoteInfo = testReactiveCocoa;
		};
/* End PBXContainerItemProxy section */

/* Begin PBXFileReference section */
		3A995CC302184A8E951A738B /* libPods.a */ = {isa = PBXFileReference; explicitFileType = archive.ar; includeInIndex = 0; path = libPods.a; sourceTree = BUILT_PRODUCTS_DIR; };
		4EC6F01E18E0362500D4F066 /* testReactiveCocoa.app */ = {isa = PBXFileReference; explicitFileType = wrapper.application; includeInIndex = 0; path = testReactiveCocoa.app; sourceTree = BUILT_PRODUCTS_DIR; };
		4EC6F02118E0362500D4F066 /* Foundation.framework */ = {isa = PBXFileReference; lastKnownFileType = wrapper.framework; name = Foundation.framework; path = System/Library/Frameworks/Foundation.framework; sourceTree = SDKROOT; };
		4EC6F02318E0362500D4F066 /* CoreGraphics.framework */ = {isa = PBXFileReference; lastKnownFileType = wrapper.framework; name = CoreGraphics.framework; path = System/Library/Frameworks/CoreGraphics.framework; sourceTree = SDKROOT; };
		4EC6F02518E0362500D4F066 /* UIKit.framework */ = {isa = PBXFileReference; lastKnownFileType = wrapper.framework; name = UIKit.framework; path = System/Library/Frameworks/UIKit.framework; sourceTree = SDKROOT; };
		4EC6F02918E0362500D4F066 /* testReactiveCocoa-Info.plist */ = {isa = PBXFileReference; lastKnownFileType = text.plist.xml; path = "testReactiveCocoa-Info.plist"; sourceTree = "<group>"; };
		4EC6F02B18E0362500D4F066 /* en */ = {isa = PBXFileReference; lastKnownFileType = text.plist.strings; name = en; path = en.lproj/InfoPlist.strings; sourceTree = "<group>"; };
		4EC6F02D18E0362500D4F066 /* main.m */ = {isa = PBXFileReference; lastKnownFileType = sourcecode.c.objc; path = main.m; sourceTree = "<group>"; };
		4EC6F02F18E0362500D4F066 /* testReactiveCocoa-Prefix.pch */ = {isa = PBXFileReference; lastKnownFileType = sourcecode.c.h; path = "testReactiveCocoa-Prefix.pch"; sourceTree = "<group>"; };
		4EC6F03018E0362500D4F066 /* AppDelegate.h */ = {isa = PBXFileReference; lastKnownFileType = sourcecode.c.h; path = AppDelegate.h; sourceTree = "<group>"; };
		4EC6F03118E0362500D4F066 /* AppDelegate.m */ = {isa = PBXFileReference; lastKnownFileType = sourcecode.c.objc; path = AppDelegate.m; sourceTree = "<group>"; };
		4EC6F03318E0362500D4F066 /* Images.xcassets */ = {isa = PBXFileReference; lastKnownFileType = folder.assetcatalog; path = Images.xcassets; sourceTree = "<group>"; };
		4EC6F03918E0362500D4F066 /* testReactiveCocoaTests.xctest */ = {isa = PBXFileReference; explicitFileType = wrapper.cfbundle; includeInIndex = 0; path = testReactiveCocoaTests.xctest; sourceTree = BUILT_PRODUCTS_DIR; };
		4EC6F03A18E0362500D4F066 /* XCTest.framework */ = {isa = PBXFileReference; lastKnownFileType = wrapper.framework; name = XCTest.framework; path = Library/Frameworks/XCTest.framework; sourceTree = DEVELOPER_DIR; };
		4EC6F04218E0362500D4F066 /* testReactiveCocoaTests-Info.plist */ = {isa = PBXFileReference; lastKnownFileType = text.plist.xml; path = "testReactiveCocoaTests-Info.plist"; sourceTree = "<group>"; };
		4EC6F04418E0362500D4F066 /* en */ = {isa = PBXFileReference; lastKnownFileType = text.plist.strings; name = en; path = en.lproj/InfoPlist.strings; sourceTree = "<group>"; };
		4EC6F04618E0362500D4F066 /* testReactiveCocoaTests.m */ = {isa = PBXFileReference; lastKnownFileType = sourcecode.c.objc; path = testReactiveCocoaTests.m; sourceTree = "<group>"; };
		4EC6F05018E0396400D4F066 /* testViewController.h */ = {isa = PBXFileReference; fileEncoding = 4; lastKnownFileType = sourcecode.c.h; path = testViewController.h; sourceTree = "<group>"; };
		4EC6F05118E0396400D4F066 /* testViewController.m */ = {isa = PBXFileReference; fileEncoding = 4; lastKnownFileType = sourcecode.c.objc; path = testViewController.m; sourceTree = "<group>"; };
		801F4C9747BF4644A56F6308 /* Pods.xcconfig */ = {isa = PBXFileReference; includeInIndex = 1; lastKnownFileType = text.xcconfig; name = Pods.xcconfig; path = Pods/Pods.xcconfig; sourceTree = "<group>"; };
/* End PBXFileReference section */

/* Begin PBXFrameworksBuildPhase section */
		4EC6F01B18E0362500D4F066 /* Frameworks */ = {
			isa = PBXFrameworksBuildPhase;
			buildActionMask = 2147483647;
			files = (
				4EC6F02418E0362500D4F066 /* CoreGraphics.framework in Frameworks */,
				4EC6F02618E0362500D4F066 /* UIKit.framework in Frameworks */,
				4EC6F02218E0362500D4F066 /* Foundation.framework in Frameworks */,
				8B4B496F102442899EBE29E9 /* libPods.a in Frameworks */,
			);
			runOnlyForDeploymentPostprocessing = 0;
		};
		4EC6F03618E0362500D4F066 /* Frameworks */ = {
			isa = PBXFrameworksBuildPhase;
			buildActionMask = 2147483647;
			files = (
				4EC6F03B18E0362500D4F066 /* XCTest.framework in Frameworks */,
				4EC6F03D18E0362500D4F066 /* UIKit.framework in Frameworks */,
				4EC6F03C18E0362500D4F066 /* Foundation.framework in Frameworks */,
			);
			runOnlyForDeploymentPostprocessing = 0;
		};
/* End PBXFrameworksBuildPhase section */

/* Begin PBXGroup section */
		4EC6F01518E0362500D4F066 = {
			isa = PBXGroup;
			children = (
				4EC6F02718E0362500D4F066 /* testReactiveCocoa */,
				4EC6F04018E0362500D4F066 /* testReactiveCocoaTests */,
				4EC6F02018E0362500D4F066 /* Frameworks */,
				4EC6F01F18E0362500D4F066 /* Products */,
				801F4C9747BF4644A56F6308 /* Pods.xcconfig */,
			);
			sourceTree = "<group>";
		};
		4EC6F01F18E0362500D4F066 /* Products */ = {
			isa = PBXGroup;
			children = (
				4EC6F01E18E0362500D4F066 /* testReactiveCocoa.app */,
				4EC6F03918E0362500D4F066 /* testReactiveCocoaTests.xctest */,
			);
			name = Products;
			sourceTree = "<group>";
		};
		4EC6F02018E0362500D4F066 /* Frameworks */ = {
			isa = PBXGroup;
			children = (
				4EC6F02118E0362500D4F066 /* Foundation.framework */,
				4EC6F02318E0362500D4F066 /* CoreGraphics.framework */,
				4EC6F02518E0362500D4F066 /* UIKit.framework */,
				4EC6F03A18E0362500D4F066 /* XCTest.framework */,
				3A995CC302184A8E951A738B /* libPods.a */,
			);
			name = Frameworks;
			sourceTree = "<group>";
		};
		4EC6F02718E0362500D4F066 /* testReactiveCocoa */ = {
			isa = PBXGroup;
			children = (
				4EC6F03018E0362500D4F066 /* AppDelegate.h */,
				4EC6F03118E0362500D4F066 /* AppDelegate.m */,
				4EC6F03318E0362500D4F066 /* Images.xcassets */,
				4EC6F02818E0362500D4F066 /* Supporting Files */,
				4EC6F05018E0396400D4F066 /* testViewController.h */,
				4EC6F05118E0396400D4F066 /* testViewController.m */,
			);
			path = testReactiveCocoa;
			sourceTree = "<group>";
		};
		4EC6F02818E0362500D4F066 /* Supporting Files */ = {
			isa = PBXGroup;
			children = (
				4EC6F02918E0362500D4F066 /* testReactiveCocoa-Info.plist */,
				4EC6F02A18E0362500D4F066 /* InfoPlist.strings */,
				4EC6F02D18E0362500D4F066 /* main.m */,
				4EC6F02F18E0362500D4F066 /* testReactiveCocoa-Prefix.pch */,
			);
			name = "Supporting Files";
			sourceTree = "<group>";
		};
		4EC6F04018E0362500D4F066 /* testReactiveCocoaTests */ = {
			isa = PBXGroup;
			children = (
				4EC6F04618E0362500D4F066 /* testReactiveCocoaTests.m */,
				4EC6F04118E0362500D4F066 /* Supporting Files */,
			);
			path = testReactiveCocoaTests;
			sourceTree = "<group>";
		};
		4EC6F04118E0362500D4F066 /* Supporting Files */ = {
			isa = PBXGroup;
			children = (
				4EC6F04218E0362500D4F066 /* testReactiveCocoaTests-Info.plist */,
				4EC6F04318E0362500D4F066 /* InfoPlist.strings */,
			);
			name = "Supporting Files";
			sourceTree = "<group>";
		};
/* End PBXGroup section */

/* Begin PBXNativeTarget section */
		4EC6F01D18E0362500D4F066 /* testReactiveCocoa */ = {
			isa = PBXNativeTarget;
			buildConfigurationList = 4EC6F04A18E0362500D4F066 /* Build configuration list for PBXNativeTarget "testReactiveCocoa" */;
			buildPhases = (
				41FDF85F60E14A68BD7D5D54 /* Check Pods Manifest.lock */,
				4EC6F01A18E0362500D4F066 /* Sources */,
				4EC6F01B18E0362500D4F066 /* Frameworks */,
				4EC6F01C18E0362500D4F066 /* Resources */,
				261813BEDE7C4C5AB0D4514F /* Copy Pods Resources */,
			);
			buildRules = (
			);
			dependencies = (
			);
			name = testReactiveCocoa;
			productName = testReactiveCocoa;
			productReference = 4EC6F01E18E0362500D4F066 /* testReactiveCocoa.app */;
			productType = "com.apple.product-type.application";
		};
		4EC6F03818E0362500D4F066 /* testReactiveCocoaTests */ = {
			isa = PBXNativeTarget;
			buildConfigurationList = 4EC6F04D18E0362500D4F066 /* Build configuration list for PBXNativeTarget "testReactiveCocoaTests" */;
			buildPhases = (
				4EC6F03518E0362500D4F066 /* Sources */,
				4EC6F03618E0362500D4F066 /* Frameworks */,
				4EC6F03718E0362500D4F066 /* Resources */,
			);
			buildRules = (
			);
			dependencies = (
				4EC6F03F18E0362500D4F066 /* PBXTargetDependency */,
			);
			name = testReactiveCocoaTests;
			productName = testReactiveCocoaTests;
			productReference = 4EC6F03918E0362500D4F066 /* testReactiveCocoaTests.xctest */;
			productType = "com.apple.product-type.bundle.unit-test";
		};
/* End PBXNativeTarget section */

/* Begin PBXProject section */
		4EC6F01618E0362500D4F066 /* Project object */ = {
			isa = PBXProject;
			attributes = {
				LastUpgradeCheck = 0510;
				ORGANIZATIONNAME = "___FULLUSERNAME___";
				TargetAttributes = {
					4EC6F03818E0362500D4F066 = {
						TestTargetID = 4EC6F01D18E0362500D4F066;
					};
				};
			};
			buildConfigurationList = 4EC6F01918E0362500D4F066 /* Build configuration list for PBXProject "testReactiveCocoa" */;
			compatibilityVersion = "Xcode 3.2";
			developmentRegion = English;
			hasScannedForEncodings = 0;
			knownRegions = (
				en,
			);
			mainGroup = 4EC6F01518E0362500D4F066;
			productRefGroup = 4EC6F01F18E0362500D4F066 /* Products */;
			projectDirPath = "";
			projectRoot = "";
			targets = (
				4EC6F01D18E0362500D4F066 /* testReactiveCocoa */,
				4EC6F03818E0362500D4F066 /* testReactiveCocoaTests */,
			);
		};
/* End PBXProject section */

/* Begin PBXResourcesBuildPhase section */
		4EC6F01C18E0362500D4F066 /* Resources */ = {
			isa = PBXResourcesBuildPhase;
			buildActionMask = 2147483647;
			files = (
				4EC6F02C18E0362500D4F066 /* InfoPlist.strings in Resources */,
				4EC6F03418E0362500D4F066 /* Images.xcassets in Resources */,
			);
			runOnlyForDeploymentPostprocessing = 0;
		};
		4EC6F03718E0362500D4F066 /* Resources */ = {
			isa = PBXResourcesBuildPhase;
			buildActionMask = 2147483647;
			files = (
				4EC6F04518E0362500D4F066 /* InfoPlist.strings in Resources */,
			);
			runOnlyForDeploymentPostprocessing = 0;
		};
/* End PBXResourcesBuildPhase section */

/* Begin PBXShellScriptBuildPhase section */
		261813BEDE7C4C5AB0D4514F /* Copy Pods Resources */ = {
			isa = PBXShellScriptBuildPhase;
			buildActionMask = 2147483647;
			files = (
			);
			inputPaths = (
			);
			name = "Copy Pods Resources";
			outputPaths = (
			);
			runOnlyForDeploymentPostprocessing = 0;
			shellPath = /bin/sh;
			shellScript = "\"${SRCROOT}/Pods/Pods-resources.sh\"\n";
			showEnvVarsInLog = 0;
		};
		41FDF85F60E14A68BD7D5D54 /* Check Pods Manifest.lock */ = {
			isa = PBXShellScriptBuildPhase;
			buildActionMask = 2147483647;
			files = (
			);
			inputPaths = (
			);
			name = "Check Pods Manifest.lock";
			outputPaths = (
			);
			runOnlyForDeploymentPostprocessing = 0;
			shellPath = /bin/sh;
			shellScript = "diff \"${PODS_ROOT}/../Podfile.lock\" \"${PODS_ROOT}/Manifest.lock\" > /dev/null\nif [[ $? != 0 ]] ; then\n    cat << EOM\nerror: The sandbox is not in sync with the Podfile.lock. Run 'pod install' or update your CocoaPods installation.\nEOM\n    exit 1\nfi\n";
			showEnvVarsInLog = 0;
		};
/* End PBXShellScriptBuildPhase section */

/* Begin PBXSourcesBuildPhase section */
		4EC6F01A18E0362500D4F066 /* Sources */ = {
			isa = PBXSourcesBuildPhase;
			buildActionMask = 2147483647;
			files = (
				4EC6F05218E0396400D4F066 /* testViewController.m in Sources */,
				4EC6F03218E0362500D4F066 /* AppDelegate.m in Sources */,
				4EC6F02E18E0362500D4F066 /* main.m in Sources */,
			);
			runOnlyForDeploymentPostprocessing = 0;
		};
		4EC6F03518E0362500D4F066 /* Sources */ = {
			isa = PBXSourcesBuildPhase;
			buildActionMask = 2147483647;
			files = (
				4EC6F04718E0362500D4F066 /* testReactiveCocoaTests.m in Sources */,
			);
			runOnlyForDeploymentPostprocessing = 0;
		};
/* End PBXSourcesBuildPhase section */

/* Begin PBXTargetDependency section */
		4EC6F03F18E0362500D4F066 /* PBXTargetDependency */ = {
			isa = PBXTargetDependency;
			target = 4EC6F01D18E0362500D4F066 /* testReactiveCocoa */;
			targetProxy = 4EC6F03E18E0362500D4F066 /* PBXContainerItemProxy */;
		};
/* End PBXTargetDependency section */

/* Begin PBXVariantGroup section */
		4EC6F02A18E0362500D4F066 /* InfoPlist.strings */ = {
			isa = PBXVariantGroup;
			children = (
				4EC6F02B18E0362500D4F066 /* en */,
			);
			name = InfoPlist.strings;
			sourceTree = "<group>";
		};
		4EC6F04318E0362500D4F066 /* InfoPlist.strings */ = {
			isa = PBXVariantGroup;
			children = (
				4EC6F04418E0362500D4F066 /* en */,
			);
			name = InfoPlist.strings;
			sourceTree = "<group>";
		};
/* End PBXVariantGroup section */

/* Begin XCBuildConfiguration section */
		4EC6F04818E0362500D4F066 /* Debug */ = {
			isa = XCBuildConfiguration;
			buildSettings = {
				ALWAYS_SEARCH_USER_PATHS = NO;
				CLANG_CXX_LANGUAGE_STANDARD = "gnu++0x";
				CLANG_CXX_LIBRARY = "libc++";
				CLANG_ENABLE_MODULES = YES;
				CLANG_ENABLE_OBJC_ARC = YES;
				CLANG_WARN_BOOL_CONVERSION = YES;
				CLANG_WARN_CONSTANT_CONVERSION = YES;
				CLANG_WARN_DIRECT_OBJC_ISA_USAGE = YES_ERROR;
				CLANG_WARN_EMPTY_BODY = YES;
				CLANG_WARN_ENUM_CONVERSION = YES;
				CLANG_WARN_INT_CONVERSION = YES;
				CLANG_WARN_OBJC_ROOT_CLASS = YES_ERROR;
				CLANG_WARN__DUPLICATE_METHOD_MATCH = YES;
				"CODE_SIGN_IDENTITY[sdk=iphoneos*]" = "iPhone Developer";
				COPY_PHASE_STRIP = NO;
				GCC_C_LANGUAGE_STANDARD = gnu99;
				GCC_DYNAMIC_NO_PIC = NO;
				GCC_OPTIMIZATION_LEVEL = 0;
				GCC_PREPROCESSOR_DEFINITIONS = (
					"DEBUG=1",
					"$(inherited)",
				);
				GCC_SYMBOLS_PRIVATE_EXTERN = NO;
				GCC_WARN_64_TO_32_BIT_CONVERSION = YES;
				GCC_WARN_ABOUT_RETURN_TYPE = YES_ERROR;
				GCC_WARN_UNDECLARED_SELECTOR = YES;
				GCC_WARN_UNINITIALIZED_AUTOS = YES_AGGRESSIVE;
				GCC_WARN_UNUSED_FUNCTION = YES;
				GCC_WARN_UNUSED_VARIABLE = YES;
				IPHONEOS_DEPLOYMENT_TARGET = 7.1;
				ONLY_ACTIVE_ARCH = YES;
				SDKROOT = iphoneos;
			};
			name = Debug;
		};
		4EC6F04918E0362500D4F066 /* Release */ = {
			isa = XCBuildConfiguration;
			buildSettings = {
				ALWAYS_SEARCH_USER_PATHS = NO;
				CLANG_CXX_LANGUAGE_STANDARD = "gnu++0x";
				CLANG_CXX_LIBRARY = "libc++";
				CLANG_ENABLE_MODULES = YES;
				CLANG_ENABLE_OBJC_ARC = YES;
				CLANG_WARN_BOOL_CONVERSION = YES;
				CLANG_WARN_CONSTANT_CONVERSION = YES;
				CLANG_WARN_DIRECT_OBJC_ISA_USAGE = YES_ERROR;
				CLANG_WARN_EMPTY_BODY = YES;
				CLANG_WARN_ENUM_CONVERSION = YES;
				CLANG_WARN_INT_CONVERSION = YES;
				CLANG_WARN_OBJC_ROOT_CLASS = YES_ERROR;
				CLANG_WARN__DUPLICATE_METHOD_MATCH = YES;
				"CODE_SIGN_IDENTITY[sdk=iphoneos*]" = "iPhone Developer";
				COPY_PHASE_STRIP = YES;
				ENABLE_NS_ASSERTIONS = NO;
				GCC_C_LANGUAGE_STANDARD = gnu99;
				GCC_WARN_64_TO_32_BIT_CONVERSION = YES;
				GCC_WARN_ABOUT_RETURN_TYPE = YES_ERROR;
				GCC_WARN_UNDECLARED_SELECTOR = YES;
				GCC_WARN_UNINITIALIZED_AUTOS = YES_AGGRESSIVE;
				GCC_WARN_UNUSED_FUNCTION = YES;
				GCC_WARN_UNUSED_VARIABLE = YES;
				IPHONEOS_DEPLOYMENT_TARGET = 7.1;
				SDKROOT = iphoneos;
				VALIDATE_PRODUCT = YES;
			};
			name = Release;
		};
		4EC6F04B18E0362500D4F066 /* Debug */ = {
			isa = XCBuildConfiguration;
			baseConfigurationReference = 801F4C9747BF4644A56F6308 /* Pods.xcconfig */;
			buildSettings = {
				ASSETCATALOG_COMPILER_APPICON_NAME = AppIcon;
				ASSETCATALOG_COMPILER_LAUNCHIMAGE_NAME = LaunchImage;
				GCC_PRECOMPILE_PREFIX_HEADER = YES;
				GCC_PREFIX_HEADER = "testReactiveCocoa/testReactiveCocoa-Prefix.pch";
				INFOPLIST_FILE = "testReactiveCocoa/testReactiveCocoa-Info.plist";
				IPHONEOS_DEPLOYMENT_TARGET = 7.0;
				PRODUCT_NAME = "$(TARGET_NAME)";
				WRAPPER_EXTENSION = app;
			};
			name = Debug;
		};
		4EC6F04C18E0362500D4F066 /* Release */ = {
			isa = XCBuildConfiguration;
			baseConfigurationReference = 801F4C9747BF4644A56F6308 /* Pods.xcconfig */;
			buildSettings = {
				ASSETCATALOG_COMPILER_APPICON_NAME = AppIcon;
				ASSETCATALOG_COMPILER_LAUNCHIMAGE_NAME = LaunchImage;
				GCC_PRECOMPILE_PREFIX_HEADER = YES;
				GCC_PREFIX_HEADER = "testReactiveCocoa/testReactiveCocoa-Prefix.pch";
				INFOPLIST_FILE = "testReactiveCocoa/testReactiveCocoa-Info.plist";
				IPHONEOS_DEPLOYMENT_TARGET = 7.0;
				PRODUCT_NAME = "$(TARGET_NAME)";
				WRAPPER_EXTENSION = app;
			};
			name = Release;
		};
		4EC6F04E18E0362500D4F066 /* Debug */ = {
			isa = XCBuildConfiguration;
			buildSettings = {
				BUNDLE_LOADER = "$(BUILT_PRODUCTS_DIR)/testReactiveCocoa.app/testReactiveCocoa";
				FRAMEWORK_SEARCH_PATHS = (
					"$(SDKROOT)/Developer/Library/Frameworks",
					"$(inherited)",
					"$(DEVELOPER_FRAMEWORKS_DIR)",
				);
				GCC_PRECOMPILE_PREFIX_HEADER = YES;
				GCC_PREFIX_HEADER = "testReactiveCocoa/testReactiveCocoa-Prefix.pch";
				GCC_PREPROCESSOR_DEFINITIONS = (
					"DEBUG=1",
					"$(inherited)",
				);
				INFOPLIST_FILE = "testReactiveCocoaTests/testReactiveCocoaTests-Info.plist";
				PRODUCT_NAME = "$(TARGET_NAME)";
				TEST_HOST = "$(BUNDLE_LOADER)";
				WRAPPER_EXTENSION = xctest;
			};
			name = Debug;
		};
		4EC6F04F18E0362500D4F066 /* Release */ = {
			isa = XCBuildConfiguration;
			buildSettings = {
				BUNDLE_LOADER = "$(BUILT_PRODUCTS_DIR)/testReactiveCocoa.app/testReactiveCocoa";
				FRAMEWORK_SEARCH_PATHS = (
					"$(SDKROOT)/Developer/Library/Frameworks",
					"$(inherited)",
					"$(DEVELOPER_FRAMEWORKS_DIR)",
				);
				GCC_PRECOMPILE_PREFIX_HEADER = YES;
				GCC_PREFIX_HEADER = "testReactiveCocoa/testReactiveCocoa-Prefix.pch";
				INFOPLIST_FILE = "testReactiveCocoaTests/testReactiveCocoaTests-Info.plist";
				PRODUCT_NAME = "$(TARGET_NAME)";
				TEST_HOST = "$(BUNDLE_LOADER)";
				WRAPPER_EXTENSION = xctest;
			};
			name = Release;
		};
/* End XCBuildConfiguration section */

/* Begin XCConfigurationList section */
		4EC6F01918E0362500D4F066 /* Build configuration list for PBXProject "testReactiveCocoa" */ = {
			isa = XCConfigurationList;
			buildConfigurations = (
				4EC6F04818E0362500D4F066 /* Debug */,
				4EC6F04918E0362500D4F066 /* Release */,
			);
			defaultConfigurationIsVisible = 0;
			defaultConfigurationName = Release;
		};
		4EC6F04A18E0362500D4F066 /* Build configuration list for PBXNativeTarget "testReactiveCocoa" */ = {
			isa = XCConfigurationList;
			buildConfigurations = (
				4EC6F04B18E0362500D4F066 /* Debug */,
				4EC6F04C18E0362500D4F066 /* Release */,
			);
			defaultConfigurationIsVisible = 0;
			defaultConfigurationName = Release;
		};
		4EC6F04D18E0362500D4F066 /* Build configuration list for PBXNativeTarget "testReactiveCocoaTests" */ = {
			isa = XCConfigurationList;
			buildConfigurations = (
				4EC6F04E18E0362500D4F066 /* Debug */,
				4EC6F04F18E0362500D4F066 /* Release */,
			);
			defaultConfigurationIsVisible = 0;
			defaultConfigurationName = Release;
		};
/* End XCConfigurationList section */
	};
	rootObject = 4EC6F01618E0362500D4F066 /* Project object */;
}
