// !$*UTF8*$!
{
	archiveVersion = 1;
	classes = {
	};
	objectVersion = 46;
	objects = {

/* Begin PBXBuildFile section */
		DFBBC9DE191697C700BC525E /* libc++.dylib in Frameworks */ = {isa = PBXBuildFile; fileRef = DFD3B8771915F40200373DA7 /* libc++.dylib */; };
		DFBBC9E419169A3400BC525E /* libc++.dylib in Frameworks */ = {isa = PBXBuildFile; fileRef = DFD3B8771915F40200373DA7 /* libc++.dylib */; };
		DFBBC9F41917C57500BC525E /* libpop.a in Frameworks */ = {isa = PBXBuildFile; fileRef = DFBBC9ED1917C53300BC525E /* libpop.a */; };
		DFD3B8051915EAFB00373DA7 /* Foundation.framework in Frameworks */ = {isa = PBXBuildFile; fileRef = DFD3B8041915EAFB00373DA7 /* Foundation.framework */; };
		DFD3B8071915EAFB00373DA7 /* CoreGraphics.framework in Frameworks */ = {isa = PBXBuildFile; fileRef = DFD3B8061915EAFB00373DA7 /* CoreGraphics.framework */; };
		DFD3B8091915EAFB00373DA7 /* UIKit.framework in Frameworks */ = {isa = PBXBuildFile; fileRef = DFD3B8081915EAFB00373DA7 /* UIKit.framework */; };
		DFD3B80F1915EAFB00373DA7 /* InfoPlist.strings in Resources */ = {isa = PBXBuildFile; fileRef = DFD3B80D1915EAFB00373DA7 /* InfoPlist.strings */; };
		DFD3B8111915EAFB00373DA7 /* main.m in Sources */ = {isa = PBXBuildFile; fileRef = DFD3B8101915EAFB00373DA7 /* main.m */; };
		DFD3B8151915EAFB00373DA7 /* YLAppDelegate.m in Sources */ = {isa = PBXBuildFile; fileRef = DFD3B8141915EAFB00373DA7 /* YLAppDelegate.m */; };
		DFD3B8181915EAFB00373DA7 /* Main.storyboard in Resources */ = {isa = PBXBuildFile; fileRef = DFD3B8161915EAFB00373DA7 /* Main.storyboard */; };
		DFD3B81B1915EAFB00373DA7 /* YLViewController.mm in Sources */ = {isa = PBXBuildFile; fileRef = DFD3B81A1915EAFB00373DA7 /* YLViewController.mm */; };
		DFD3B81D1915EAFB00373DA7 /* Images.xcassets in Resources */ = {isa = PBXBuildFile; fileRef = DFD3B81C1915EAFB00373DA7 /* Images.xcassets */; };
		DFD3B8241915EAFB00373DA7 /* XCTest.framework in Frameworks */ = {isa = PBXBuildFile; fileRef = DFD3B8231915EAFB00373DA7 /* XCTest.framework */; };
		DFD3B8251915EAFC00373DA7 /* Foundation.framework in Frameworks */ = {isa = PBXBuildFile; fileRef = DFD3B8041915EAFB00373DA7 /* Foundation.framework */; };
		DFD3B8261915EAFC00373DA7 /* UIKit.framework in Frameworks */ = {isa = PBXBuildFile; fileRef = DFD3B8081915EAFB00373DA7 /* UIKit.framework */; };
		DFD3B82E1915EAFC00373DA7 /* InfoPlist.strings in Resources */ = {isa = PBXBuildFile; fileRef = DFD3B82C1915EAFC00373DA7 /* InfoPlist.strings */; };
		DFD3B8301915EAFC00373DA7 /* PopDemoTests.m in Sources */ = {isa = PBXBuildFile; fileRef = DFD3B82F1915EAFC00373DA7 /* PopDemoTests.m */; };
/* End PBXBuildFile section */

/* Begin PBXContainerItemProxy section */
		DFBBC9EC1917C53300BC525E /* PBXContainerItemProxy */ = {
			isa = PBXContainerItemProxy;
			containerPortal = DFD3B8601915EE6400373DA7 /* pop.xcodeproj */;
			proxyType = 2;
			remoteGlobalIDString = EC191218162FB53A00E0CC76;
			remoteInfo = pop;
		};
		DFBBC9EE1917C53300BC525E /* PBXContainerItemProxy */ = {
			isa = PBXContainerItemProxy;
			containerPortal = DFD3B8601915EE6400373DA7 /* pop.xcodeproj */;
			proxyType = 2;
			remoteGlobalIDString = EC68857F18C7B60000C6194C;
			remoteInfo = "pop-osx";
		};
		DFBBC9F01917C53300BC525E /* PBXContainerItemProxy */ = {
			isa = PBXContainerItemProxy;
			containerPortal = DFD3B8601915EE6400373DA7 /* pop.xcodeproj */;
			proxyType = 2;
			remoteGlobalIDString = ECF01ED318C92B7F009E0AD1;
			remoteInfo = "pop-tests";
		};
		DFBBC9F21917C53300BC525E /* PBXContainerItemProxy */ = {
			isa = PBXContainerItemProxy;
			containerPortal = DFD3B8601915EE6400373DA7 /* pop.xcodeproj */;
			proxyType = 2;
			remoteGlobalIDString = EC7E319918C93D6500B38170;
			remoteInfo = "pop-tests-osx";
		};
		DFD3B8271915EAFC00373DA7 /* PBXContainerItemProxy */ = {
			isa = PBXContainerItemProxy;
			containerPortal = DFD3B7F91915EAFB00373DA7 /* Project object */;
			proxyType = 1;
			remoteGlobalIDString = DFD3B8001915EAFB00373DA7;
			remoteInfo = PopDemo;
		};
/* End PBXContainerItemProxy section */

/* Begin PBXFileReference section */
		DFD3B8011915EAFB00373DA7 /* PopDemo.app */ = {isa = PBXFileReference; explicitFileType = wrapper.application; includeInIndex = 0; path = PopDemo.app; sourceTree = BUILT_PRODUCTS_DIR; };
		DFD3B8041915EAFB00373DA7 /* Foundation.framework */ = {isa = PBXFileReference; lastKnownFileType = wrapper.framework; name = Foundation.framework; path = System/Library/Frameworks/Foundation.framework; sourceTree = SDKROOT; };
		DFD3B8061915EAFB00373DA7 /* CoreGraphics.framework */ = {isa = PBXFileReference; lastKnownFileType = wrapper.framework; name = CoreGraphics.framework; path = System/Library/Frameworks/CoreGraphics.framework; sourceTree = SDKROOT; };
		DFD3B8081915EAFB00373DA7 /* UIKit.framework */ = {isa = PBXFileReference; lastKnownFileType = wrapper.framework; name = UIKit.framework; path = System/Library/Frameworks/UIKit.framework; sourceTree = SDKROOT; };
		DFD3B80C1915EAFB00373DA7 /* PopDemo-Info.plist */ = {isa = PBXFileReference; lastKnownFileType = text.plist.xml; path = "PopDemo-Info.plist"; sourceTree = "<group>"; };
		DFD3B80E1915EAFB00373DA7 /* en */ = {isa = PBXFileReference; lastKnownFileType = text.plist.strings; name = en; path = en.lproj/InfoPlist.strings; sourceTree = "<group>"; };
		DFD3B8101915EAFB00373DA7 /* main.m */ = {isa = PBXFileReference; lastKnownFileType = sourcecode.c.objc; path = main.m; sourceTree = "<group>"; };
		DFD3B8121915EAFB00373DA7 /* PopDemo-Prefix.pch */ = {isa = PBXFileReference; lastKnownFileType = sourcecode.c.h; path = "PopDemo-Prefix.pch"; sourceTree = "<group>"; };
		DFD3B8131915EAFB00373DA7 /* YLAppDelegate.h */ = {isa = PBXFileReference; lastKnownFileType = sourcecode.c.h; path = YLAppDelegate.h; sourceTree = "<group>"; };
		DFD3B8141915EAFB00373DA7 /* YLAppDelegate.m */ = {isa = PBXFileReference; lastKnownFileType = sourcecode.c.objc; path = YLAppDelegate.m; sourceTree = "<group>"; };
		DFD3B8171915EAFB00373DA7 /* Base */ = {isa = PBXFileReference; lastKnownFileType = file.storyboard; name = Base; path = Base.lproj/Main.storyboard; sourceTree = "<group>"; };
		DFD3B8191915EAFB00373DA7 /* YLViewController.h */ = {isa = PBXFileReference; lastKnownFileType = sourcecode.c.h; path = YLViewController.h; sourceTree = "<group>"; };
		DFD3B81A1915EAFB00373DA7 /* YLViewController.mm */ = {isa = PBXFileReference; lastKnownFileType = sourcecode.cpp.objcpp; path = YLViewController.mm; sourceTree = "<group>"; };
		DFD3B81C1915EAFB00373DA7 /* Images.xcassets */ = {isa = PBXFileReference; lastKnownFileType = folder.assetcatalog; path = Images.xcassets; sourceTree = "<group>"; };
		DFD3B8221915EAFB00373DA7 /* PopDemoTests.xctest */ = {isa = PBXFileReference; explicitFileType = wrapper.cfbundle; includeInIndex = 0; path = PopDemoTests.xctest; sourceTree = BUILT_PRODUCTS_DIR; };
		DFD3B8231915EAFB00373DA7 /* XCTest.framework */ = {isa = PBXFileReference; lastKnownFileType = wrapper.framework; name = XCTest.framework; path = Library/Frameworks/XCTest.framework; sourceTree = DEVELOPER_DIR; };
		DFD3B82B1915EAFC00373DA7 /* PopDemoTests-Info.plist */ = {isa = PBXFileReference; lastKnownFileType = text.plist.xml; path = "PopDemoTests-Info.plist"; sourceTree = "<group>"; };
		DFD3B82D1915EAFC00373DA7 /* en */ = {isa = PBXFileReference; lastKnownFileType = text.plist.strings; name = en; path = en.lproj/InfoPlist.strings; sourceTree = "<group>"; };
		DFD3B82F1915EAFC00373DA7 /* PopDemoTests.m */ = {isa = PBXFileReference; lastKnownFileType = sourcecode.c.objc; path = PopDemoTests.m; sourceTree = "<group>"; };
		DFD3B8601915EE6400373DA7 /* pop.xcodeproj */ = {isa = PBXFileReference; lastKnownFileType = "wrapper.pb-project"; name = pop.xcodeproj; path = ../../pop/pop.xcodeproj; sourceTree = "<group>"; };
		DFD3B8771915F40200373DA7 /* libc++.dylib */ = {isa = PBXFileReference; lastKnownFileType = "compiled.mach-o.dylib"; name = "libc++.dylib"; path = "usr/lib/libc++.dylib"; sourceTree = SDKROOT; };
/* End PBXFileReference section */

/* Begin PBXFrameworksBuildPhase section */
		DFD3B7FE1915EAFB00373DA7 /* Frameworks */ = {
			isa = PBXFrameworksBuildPhase;
			buildActionMask = 2147483647;
			files = (
				DFBBC9F41917C57500BC525E /* libpop.a in Frameworks */,
				DFBBC9E419169A3400BC525E /* libc++.dylib in Frameworks */,
				DFD3B8071915EAFB00373DA7 /* CoreGraphics.framework in Frameworks */,
				DFD3B8091915EAFB00373DA7 /* UIKit.framework in Frameworks */,
				DFD3B8051915EAFB00373DA7 /* Foundation.framework in Frameworks */,
			);
			runOnlyForDeploymentPostprocessing = 0;
		};
		DFD3B81F1915EAFB00373DA7 /* Frameworks */ = {
			isa = PBXFrameworksBuildPhase;
			buildActionMask = 2147483647;
			files = (
				DFD3B8241915EAFB00373DA7 /* XCTest.framework in Frameworks */,
				DFD3B8261915EAFC00373DA7 /* UIKit.framework in Frameworks */,
				DFBBC9DE191697C700BC525E /* libc++.dylib in Frameworks */,
				DFD3B8251915EAFC00373DA7 /* Foundation.framework in Frameworks */,
			);
			runOnlyForDeploymentPostprocessing = 0;
		};
/* End PBXFrameworksBuildPhase section */

/* Begin PBXGroup section */
		DFBBC9E61917C53300BC525E /* Products */ = {
			isa = PBXGroup;
			children = (
				DFBBC9ED1917C53300BC525E /* libpop.a */,
				DFBBC9EF1917C53300BC525E /* pop.framework */,
				DFBBC9F11917C53300BC525E /* pop-tests.octest */,
				DFBBC9F31917C53300BC525E /* pop-tests-osx.octest */,
			);
			name = Products;
			sourceTree = "<group>";
		};
		DFD3B7F81915EAFB00373DA7 = {
			isa = PBXGroup;
			children = (
				DFD3B80A1915EAFB00373DA7 /* PopDemo */,
				DFD3B8291915EAFC00373DA7 /* PopDemoTests */,
				DFD3B8031915EAFB00373DA7 /* Frameworks */,
				DFD3B8021915EAFB00373DA7 /* Products */,
			);
			sourceTree = "<group>";
		};
		DFD3B8021915EAFB00373DA7 /* Products */ = {
			isa = PBXGroup;
			children = (
				DFD3B8011915EAFB00373DA7 /* PopDemo.app */,
				DFD3B8221915EAFB00373DA7 /* PopDemoTests.xctest */,
			);
			name = Products;
			sourceTree = "<group>";
		};
		DFD3B8031915EAFB00373DA7 /* Frameworks */ = {
			isa = PBXGroup;
			children = (
				DFD3B8771915F40200373DA7 /* libc++.dylib */,
				DFD3B8601915EE6400373DA7 /* pop.xcodeproj */,
				DFD3B8041915EAFB00373DA7 /* Foundation.framework */,
				DFD3B8061915EAFB00373DA7 /* CoreGraphics.framework */,
				DFD3B8081915EAFB00373DA7 /* UIKit.framework */,
				DFD3B8231915EAFB00373DA7 /* XCTest.framework */,
			);
			name = Frameworks;
			sourceTree = "<group>";
		};
		DFD3B80A1915EAFB00373DA7 /* PopDemo */ = {
			isa = PBXGroup;
			children = (
				DFD3B8131915EAFB00373DA7 /* YLAppDelegate.h */,
				DFD3B8141915EAFB00373DA7 /* YLAppDelegate.m */,
				DFD3B8161915EAFB00373DA7 /* Main.storyboard */,
				DFD3B8191915EAFB00373DA7 /* YLViewController.h */,
				DFD3B81A1915EAFB00373DA7 /* YLViewController.mm */,
				DFD3B81C1915EAFB00373DA7 /* Images.xcassets */,
				DFD3B80B1915EAFB00373DA7 /* Supporting Files */,
			);
			path = PopDemo;
			sourceTree = "<group>";
		};
		DFD3B80B1915EAFB00373DA7 /* Supporting Files */ = {
			isa = PBXGroup;
			children = (
				DFD3B80C1915EAFB00373DA7 /* PopDemo-Info.plist */,
				DFD3B80D1915EAFB00373DA7 /* InfoPlist.strings */,
				DFD3B8101915EAFB00373DA7 /* main.m */,
				DFD3B8121915EAFB00373DA7 /* PopDemo-Prefix.pch */,
			);
			name = "Supporting Files";
			sourceTree = "<group>";
		};
		DFD3B8291915EAFC00373DA7 /* PopDemoTests */ = {
			isa = PBXGroup;
			children = (
				DFD3B82F1915EAFC00373DA7 /* PopDemoTests.m */,
				DFD3B82A1915EAFC00373DA7 /* Supporting Files */,
			);
			path = PopDemoTests;
			sourceTree = "<group>";
		};
		DFD3B82A1915EAFC00373DA7 /* Supporting Files */ = {
			isa = PBXGroup;
			children = (
				DFD3B82B1915EAFC00373DA7 /* PopDemoTests-Info.plist */,
				DFD3B82C1915EAFC00373DA7 /* InfoPlist.strings */,
			);
			name = "Supporting Files";
			sourceTree = "<group>";
		};
/* End PBXGroup section */

/* Begin PBXNativeTarget section */
		DFD3B8001915EAFB00373DA7 /* PopDemo */ = {
			isa = PBXNativeTarget;
			buildConfigurationList = DFD3B8331915EAFC00373DA7 /* Build configuration list for PBXNativeTarget "PopDemo" */;
			buildPhases = (
				DFD3B7FD1915EAFB00373DA7 /* Sources */,
				DFD3B7FE1915EAFB00373DA7 /* Frameworks */,
				DFD3B7FF1915EAFB00373DA7 /* Resources */,
			);
			buildRules = (
			);
			dependencies = (
			);
			name = PopDemo;
			productName = PopDemo;
			productReference = DFD3B8011915EAFB00373DA7 /* PopDemo.app */;
			productType = "com.apple.product-type.application";
		};
		DFD3B8211915EAFB00373DA7 /* PopDemoTests */ = {
			isa = PBXNativeTarget;
			buildConfigurationList = DFD3B8361915EAFC00373DA7 /* Build configuration list for PBXNativeTarget "PopDemoTests" */;
			buildPhases = (
				DFD3B81E1915EAFB00373DA7 /* Sources */,
				DFD3B81F1915EAFB00373DA7 /* Frameworks */,
				DFD3B8201915EAFB00373DA7 /* Resources */,
			);
			buildRules = (
			);
			dependencies = (
				DFD3B8281915EAFC00373DA7 /* PBXTargetDependency */,
			);
			name = PopDemoTests;
			productName = PopDemoTests;
			productReference = DFD3B8221915EAFB00373DA7 /* PopDemoTests.xctest */;
			productType = "com.apple.product-type.bundle.unit-test";
		};
/* End PBXNativeTarget section */

/* Begin PBXProject section */
		DFD3B7F91915EAFB00373DA7 /* Project object */ = {
			isa = PBXProject;
			attributes = {
				CLASSPREFIX = YL;
				LastUpgradeCheck = 0510;
				ORGANIZATIONNAME = "Yong Li";
				TargetAttributes = {
					DFD3B8211915EAFB00373DA7 = {
						TestTargetID = DFD3B8001915EAFB00373DA7;
					};
				};
			};
			buildConfigurationList = DFD3B7FC1915EAFB00373DA7 /* Build configuration list for PBXProject "PopDemo" */;
			compatibilityVersion = "Xcode 3.2";
			developmentRegion = English;
			hasScannedForEncodings = 0;
			knownRegions = (
				en,
				Base,
			);
			mainGroup = DFD3B7F81915EAFB00373DA7;
			productRefGroup = DFD3B8021915EAFB00373DA7 /* Products */;
			projectDirPath = "";
			projectReferences = (
				{
					ProductGroup = DFBBC9E61917C53300BC525E /* Products */;
					ProjectRef = DFD3B8601915EE6400373DA7 /* pop.xcodeproj */;
				},
			);
			projectRoot = "";
			targets = (
				DFD3B8001915EAFB00373DA7 /* PopDemo */,
				DFD3B8211915EAFB00373DA7 /* PopDemoTests */,
			);
		};
/* End PBXProject section */

/* Begin PBXReferenceProxy section */
		DFBBC9ED1917C53300BC525E /* libpop.a */ = {
			isa = PBXReferenceProxy;
			fileType = archive.ar;
			path = libpop.a;
			remoteRef = DFBBC9EC1917C53300BC525E /* PBXContainerItemProxy */;
			sourceTree = BUILT_PRODUCTS_DIR;
		};
		DFBBC9EF1917C53300BC525E /* pop.framework */ = {
			isa = PBXReferenceProxy;
			fileType = wrapper.framework;
			path = pop.framework;
			remoteRef = DFBBC9EE1917C53300BC525E /* PBXContainerItemProxy */;
			sourceTree = BUILT_PRODUCTS_DIR;
		};
		DFBBC9F11917C53300BC525E /* pop-tests.octest */ = {
			isa = PBXReferenceProxy;
			fileType = wrapper.cfbundle;
			path = "pop-tests.octest";
			remoteRef = DFBBC9F01917C53300BC525E /* PBXContainerItemProxy */;
			sourceTree = BUILT_PRODUCTS_DIR;
		};
		DFBBC9F31917C53300BC525E /* pop-tests-osx.octest */ = {
			isa = PBXReferenceProxy;
			fileType = wrapper.cfbundle;
			path = "pop-tests-osx.octest";
			remoteRef = DFBBC9F21917C53300BC525E /* PBXContainerItemProxy */;
			sourceTree = BUILT_PRODUCTS_DIR;
		};
/* End PBXReferenceProxy section */

/* Begin PBXResourcesBuildPhase section */
		DFD3B7FF1915EAFB00373DA7 /* Resources */ = {
			isa = PBXResourcesBuildPhase;
			buildActionMask = 2147483647;
			files = (
				DFD3B81D1915EAFB00373DA7 /* Images.xcassets in Resources */,
				DFD3B80F1915EAFB00373DA7 /* InfoPlist.strings in Resources */,
				DFD3B8181915EAFB00373DA7 /* Main.storyboard in Resources */,
			);
			runOnlyForDeploymentPostprocessing = 0;
		};
		DFD3B8201915EAFB00373DA7 /* Resources */ = {
			isa = PBXResourcesBuildPhase;
			buildActionMask = 2147483647;
			files = (
				DFD3B82E1915EAFC00373DA7 /* InfoPlist.strings in Resources */,
			);
			runOnlyForDeploymentPostprocessing = 0;
		};
/* End PBXResourcesBuildPhase section */

/* Begin PBXSourcesBuildPhase section */
		DFD3B7FD1915EAFB00373DA7 /* Sources */ = {
			isa = PBXSourcesBuildPhase;
			buildActionMask = 2147483647;
			files = (
				DFD3B8111915EAFB00373DA7 /* main.m in Sources */,
				DFD3B81B1915EAFB00373DA7 /* YLViewController.mm in Sources */,
				DFD3B8151915EAFB00373DA7 /* YLAppDelegate.m in Sources */,
			);
			runOnlyForDeploymentPostprocessing = 0;
		};
		DFD3B81E1915EAFB00373DA7 /* Sources */ = {
			isa = PBXSourcesBuildPhase;
			buildActionMask = 2147483647;
			files = (
				DFD3B8301915EAFC00373DA7 /* PopDemoTests.m in Sources */,
			);
			runOnlyForDeploymentPostprocessing = 0;
		};
/* End PBXSourcesBuildPhase section */

/* Begin PBXTargetDependency section */
		DFD3B8281915EAFC00373DA7 /* PBXTargetDependency */ = {
			isa = PBXTargetDependency;
			target = DFD3B8001915EAFB00373DA7 /* PopDemo */;
			targetProxy = DFD3B8271915EAFC00373DA7 /* PBXContainerItemProxy */;
		};
/* End PBXTargetDependency section */

/* Begin PBXVariantGroup section */
		DFD3B80D1915EAFB00373DA7 /* InfoPlist.strings */ = {
			isa = PBXVariantGroup;
			children = (
				DFD3B80E1915EAFB00373DA7 /* en */,
			);
			name = InfoPlist.strings;
			sourceTree = "<group>";
		};
		DFD3B8161915EAFB00373DA7 /* Main.storyboard */ = {
			isa = PBXVariantGroup;
			children = (
				DFD3B8171915EAFB00373DA7 /* Base */,
			);
			name = Main.storyboard;
			sourceTree = "<group>";
		};
		DFD3B82C1915EAFC00373DA7 /* InfoPlist.strings */ = {
			isa = PBXVariantGroup;
			children = (
				DFD3B82D1915EAFC00373DA7 /* en */,
			);
			name = InfoPlist.strings;
			sourceTree = "<group>";
		};
/* End PBXVariantGroup section */

/* Begin XCBuildConfiguration section */
		DFD3B8311915EAFC00373DA7 /* Debug */ = {
			isa = XCBuildConfiguration;
			buildSettings = {
				ALWAYS_SEARCH_USER_PATHS = NO;
				CLANG_CXX_LANGUAGE_STANDARD = "gnu++0x";
				CLANG_CXX_LIBRARY = "libc++";
				CLANG_ENABLE_MODULES = YES;
				CLANG_ENABLE_OBJC_ARC = YES;
				CLANG_WARN_BOOL_CONVERSION = YES;
				CLANG_WARN_CONSTANT_CONVERSION = YES;
				CLANG_WARN_DIRECT_OBJC_ISA_USAGE = YES_ERROR;
				CLANG_WARN_EMPTY_BODY = YES;
				CLANG_WARN_ENUM_CONVERSION = YES;
				CLANG_WARN_INT_CONVERSION = YES;
				CLANG_WARN_OBJC_ROOT_CLASS = YES_ERROR;
				CLANG_WARN__DUPLICATE_METHOD_MATCH = YES;
				"CODE_SIGN_IDENTITY[sdk=iphoneos*]" = "iPhone Developer";
				COPY_PHASE_STRIP = NO;
				GCC_C_LANGUAGE_STANDARD = gnu99;
				GCC_DYNAMIC_NO_PIC = NO;
				GCC_OPTIMIZATION_LEVEL = 0;
				GCC_PREPROCESSOR_DEFINITIONS = (
					"DEBUG=1",
					"$(inherited)",
				);
				GCC_SYMBOLS_PRIVATE_EXTERN = NO;
				GCC_WARN_64_TO_32_BIT_CONVERSION = YES;
				GCC_WARN_ABOUT_RETURN_TYPE = YES_ERROR;
				GCC_WARN_UNDECLARED_SELECTOR = YES;
				GCC_WARN_UNINITIALIZED_AUTOS = YES_AGGRESSIVE;
				GCC_WARN_UNUSED_FUNCTION = YES;
				GCC_WARN_UNUSED_VARIABLE = YES;
				IPHONEOS_DEPLOYMENT_TARGET = 7.1;
				ONLY_ACTIVE_ARCH = YES;
				SDKROOT = iphoneos;
			};
			name = Debug;
		};
		DFD3B8321915EAFC00373DA7 /* Release */ = {
			isa = XCBuildConfiguration;
			buildSettings = {
				ALWAYS_SEARCH_USER_PATHS = NO;
				CLANG_CXX_LANGUAGE_STANDARD = "gnu++0x";
				CLANG_CXX_LIBRARY = "libc++";
				CLANG_ENABLE_MODULES = YES;
				CLANG_ENABLE_OBJC_ARC = YES;
				CLANG_WARN_BOOL_CONVERSION = YES;
				CLANG_WARN_CONSTANT_CONVERSION = YES;
				CLANG_WARN_DIRECT_OBJC_ISA_USAGE = YES_ERROR;
				CLANG_WARN_EMPTY_BODY = YES;
				CLANG_WARN_ENUM_CONVERSION = YES;
				CLANG_WARN_INT_CONVERSION = YES;
				CLANG_WARN_OBJC_ROOT_CLASS = YES_ERROR;
				CLANG_WARN__DUPLICATE_METHOD_MATCH = YES;
				"CODE_SIGN_IDENTITY[sdk=iphoneos*]" = "iPhone Developer";
				COPY_PHASE_STRIP = YES;
				ENABLE_NS_ASSERTIONS = NO;
				GCC_C_LANGUAGE_STANDARD = gnu99;
				GCC_WARN_64_TO_32_BIT_CONVERSION = YES;
				GCC_WARN_ABOUT_RETURN_TYPE = YES_ERROR;
				GCC_WARN_UNDECLARED_SELECTOR = YES;
				GCC_WARN_UNINITIALIZED_AUTOS = YES_AGGRESSIVE;
				GCC_WARN_UNUSED_FUNCTION = YES;
				GCC_WARN_UNUSED_VARIABLE = YES;
				IPHONEOS_DEPLOYMENT_TARGET = 7.1;
				SDKROOT = iphoneos;
				VALIDATE_PRODUCT = YES;
			};
			name = Release;
		};
		DFD3B8341915EAFC00373DA7 /* Debug */ = {
			isa = XCBuildConfiguration;
			buildSettings = {
				ASSETCATALOG_COMPILER_APPICON_NAME = AppIcon;
				ASSETCATALOG_COMPILER_LAUNCHIMAGE_NAME = LaunchImage;
				GCC_C_LANGUAGE_STANDARD = gnu99;
				GCC_PRECOMPILE_PREFIX_HEADER = YES;
				GCC_PREFIX_HEADER = "PopDemo/PopDemo-Prefix.pch";
				HEADER_SEARCH_PATHS = (
					"$(inherited)",
					/Applications/Xcode.app/Contents/Developer/Toolchains/XcodeDefault.xctoolchain/usr/include,
					/Users/liyong03/Dev/github/pop/,
				);
				INFOPLIST_FILE = "PopDemo/PopDemo-Info.plist";
				IPHONEOS_DEPLOYMENT_TARGET = 6.0;
				PRODUCT_NAME = "$(TARGET_NAME)";
				SDKROOT = iphoneos;
				USER_HEADER_SEARCH_PATHS = "";
				WRAPPER_EXTENSION = app;
			};
			name = Debug;
		};
		DFD3B8351915EAFC00373DA7 /* Release */ = {
			isa = XCBuildConfiguration;
			buildSettings = {
				ASSETCATALOG_COMPILER_APPICON_NAME = AppIcon;
				ASSETCATALOG_COMPILER_LAUNCHIMAGE_NAME = LaunchImage;
				GCC_C_LANGUAGE_STANDARD = gnu99;
				GCC_PRECOMPILE_PREFIX_HEADER = YES;
				GCC_PREFIX_HEADER = "PopDemo/PopDemo-Prefix.pch";
				HEADER_SEARCH_PATHS = (
					"$(inherited)",
					/Applications/Xcode.app/Contents/Developer/Toolchains/XcodeDefault.xctoolchain/usr/include,
					/Users/liyong03/Dev/github/pop/,
				);
				INFOPLIST_FILE = "PopDemo/PopDemo-Info.plist";
				IPHONEOS_DEPLOYMENT_TARGET = 6.0;
				PRODUCT_NAME = "$(TARGET_NAME)";
				SDKROOT = iphoneos;
				USER_HEADER_SEARCH_PATHS = "";
				WRAPPER_EXTENSION = app;
			};
			name = Release;
		};
		DFD3B8371915EAFC00373DA7 /* Debug */ = {
			isa = XCBuildConfiguration;
			buildSettings = {
				BUNDLE_LOADER = "$(BUILT_PRODUCTS_DIR)/PopDemo.app/PopDemo";
				FRAMEWORK_SEARCH_PATHS = (
					"$(SDKROOT)/Developer/Library/Frameworks",
					"$(inherited)",
					"$(DEVELOPER_FRAMEWORKS_DIR)",
				);
				GCC_PRECOMPILE_PREFIX_HEADER = YES;
				GCC_PREFIX_HEADER = "PopDemo/PopDemo-Prefix.pch";
				GCC_PREPROCESSOR_DEFINITIONS = (
					"DEBUG=1",
					"$(inherited)",
				);
				INFOPLIST_FILE = "PopDemoTests/PopDemoTests-Info.plist";
				PRODUCT_NAME = "$(TARGET_NAME)";
				TEST_HOST = "$(BUNDLE_LOADER)";
				WRAPPER_EXTENSION = xctest;
			};
			name = Debug;
		};
		DFD3B8381915EAFC00373DA7 /* Release */ = {
			isa = XCBuildConfiguration;
			buildSettings = {
				BUNDLE_LOADER = "$(BUILT_PRODUCTS_DIR)/PopDemo.app/PopDemo";
				FRAMEWORK_SEARCH_PATHS = (
					"$(SDKROOT)/Developer/Library/Frameworks",
					"$(inherited)",
					"$(DEVELOPER_FRAMEWORKS_DIR)",
				);
				GCC_PRECOMPILE_PREFIX_HEADER = YES;
				GCC_PREFIX_HEADER = "PopDemo/PopDemo-Prefix.pch";
				INFOPLIST_FILE = "PopDemoTests/PopDemoTests-Info.plist";
				PRODUCT_NAME = "$(TARGET_NAME)";
				TEST_HOST = "$(BUNDLE_LOADER)";
				WRAPPER_EXTENSION = xctest;
			};
			name = Release;
		};
/* End XCBuildConfiguration section */

/* Begin XCConfigurationList section */
		DFD3B7FC1915EAFB00373DA7 /* Build configuration list for PBXProject "PopDemo" */ = {
			isa = XCConfigurationList;
			buildConfigurations = (
				DFD3B8311915EAFC00373DA7 /* Debug */,
				DFD3B8321915EAFC00373DA7 /* Release */,
			);
			defaultConfigurationIsVisible = 0;
			defaultConfigurationName = Release;
		};
		DFD3B8331915EAFC00373DA7 /* Build configuration list for PBXNativeTarget "PopDemo" */ = {
			isa = XCConfigurationList;
			buildConfigurations = (
				DFD3B8341915EAFC00373DA7 /* Debug */,
				DFD3B8351915EAFC00373DA7 /* Release */,
			);
			defaultConfigurationIsVisible = 0;
			defaultConfigurationName = Release;
		};
		DFD3B8361915EAFC00373DA7 /* Build configuration list for PBXNativeTarget "PopDemoTests" */ = {
			isa = XCConfigurationList;
			buildConfigurations = (
				DFD3B8371915EAFC00373DA7 /* Debug */,
				DFD3B8381915EAFC00373DA7 /* Release */,
			);
			defaultConfigurationIsVisible = 0;
			defaultConfigurationName = Release;
		};
/* End XCConfigurationList section */
	};
	rootObject = DFD3B7F91915EAFB00373DA7 /* Project object */;
}
